// !$*UTF8*$!
{
	archiveVersion = 1;
	classes = {
	};
	objectVersion = 50;
	objects = {

/* Begin PBXBuildFile section */
		9430CFA222756AF800E50FA8 /* AppDelegate.swift in Sources */ = {isa = PBXBuildFile; fileRef = 9430CFA122756AF800E50FA8 /* AppDelegate.swift */; };
		9430CFA422756AF800E50FA8 /* CameraViewController.swift in Sources */ = {isa = PBXBuildFile; fileRef = 9430CFA322756AF800E50FA8 /* CameraViewController.swift */; };
		9430CFA722756AF800E50FA8 /* Main.storyboard in Resources */ = {isa = PBXBuildFile; fileRef = 9430CFA522756AF800E50FA8 /* Main.storyboard */; };
		9430CFA922756AF900E50FA8 /* Assets.xcassets in Resources */ = {isa = PBXBuildFile; fileRef = 9430CFA822756AF900E50FA8 /* Assets.xcassets */; };
		9430CFAC22756AF900E50FA8 /* LaunchScreen.storyboard in Resources */ = {isa = PBXBuildFile; fileRef = 9430CFAA22756AF900E50FA8 /* LaunchScreen.storyboard */; };
		9430CFB42275707900E50FA8 /* PreviewView.swift in Sources */ = {isa = PBXBuildFile; fileRef = 9430CFB32275707900E50FA8 /* PreviewView.swift */; };
/* End PBXBuildFile section */

/* Begin PBXFileReference section */
		9430CF9E22756AF800E50FA8 /* FullScreenCamera.app */ = {isa = PBXFileReference; explicitFileType = wrapper.application; includeInIndex = 0; path = FullScreenCamera.app; sourceTree = BUILT_PRODUCTS_DIR; };
		9430CFA122756AF800E50FA8 /* AppDelegate.swift */ = {isa = PBXFileReference; lastKnownFileType = sourcecode.swift; path = AppDelegate.swift; sourceTree = "<group>"; };
		9430CFA322756AF800E50FA8 /* CameraViewController.swift */ = {isa = PBXFileReference; lastKnownFileType = sourcecode.swift; path = CameraViewController.swift; sourceTree = "<group>"; };
		9430CFA622756AF800E50FA8 /* Base */ = {isa = PBXFileReference; lastKnownFileType = file.storyboard; name = Base; path = Base.lproj/Main.storyboard; sourceTree = "<group>"; };
		9430CFA822756AF900E50FA8 /* Assets.xcassets */ = {isa = PBXFileReference; lastKnownFileType = folder.assetcatalog; path = Assets.xcassets; sourceTree = "<group>"; };
		9430CFAB22756AF900E50FA8 /* Base */ = {isa = PBXFileReference; lastKnownFileType = file.storyboard; name = Base; path = Base.lproj/LaunchScreen.storyboard; sourceTree = "<group>"; };
		9430CFAD22756AF900E50FA8 /* Info.plist */ = {isa = PBXFileReference; lastKnownFileType = text.plist.xml; path = Info.plist; sourceTree = "<group>"; };
		9430CFB32275707900E50FA8 /* PreviewView.swift */ = {isa = PBXFileReference; lastKnownFileType = sourcecode.swift; path = PreviewView.swift; sourceTree = "<group>"; };
/* End PBXFileReference section */

/* Begin PBXFrameworksBuildPhase section */
		9430CF9B22756AF800E50FA8 /* Frameworks */ = {
			isa = PBXFrameworksBuildPhase;
			buildActionMask = 2147483647;
			files = (
			);
			runOnlyForDeploymentPostprocessing = 0;
		};
/* End PBXFrameworksBuildPhase section */

/* Begin PBXGroup section */
		9430CF9522756AF800E50FA8 = {
			isa = PBXGroup;
			children = (
				9430CFA022756AF800E50FA8 /* FullScreenCamera */,
				9430CF9F22756AF800E50FA8 /* Products */,
			);
			sourceTree = "<group>";
		};
		9430CF9F22756AF800E50FA8 /* Products */ = {
			isa = PBXGroup;
			children = (
				9430CF9E22756AF800E50FA8 /* FullScreenCamera.app */,
			);
			name = Products;
			sourceTree = "<group>";
		};
		9430CFA022756AF800E50FA8 /* FullScreenCamera */ = {
			isa = PBXGroup;
			children = (
				9430CFA122756AF800E50FA8 /* AppDelegate.swift */,
				9430CFA322756AF800E50FA8 /* CameraViewController.swift */,
				9430CFB32275707900E50FA8 /* PreviewView.swift */,
				9430CFA522756AF800E50FA8 /* Main.storyboard */,
				9430CFA822756AF900E50FA8 /* Assets.xcassets */,
				9430CFAA22756AF900E50FA8 /* LaunchScreen.storyboard */,
				9430CFAD22756AF900E50FA8 /* Info.plist */,
			);
			path = FullScreenCamera;
			sourceTree = "<group>";
		};
/* End PBXGroup section */

/* Begin PBXNativeTarget section */
		9430CF9D22756AF800E50FA8 /* FullScreenCamera */ = {
			isa = PBXNativeTarget;
			buildConfigurationList = 9430CFB022756AF900E50FA8 /* Build configuration list for PBXNativeTarget "FullScreenCamera" */;
			buildPhases = (
				9430CF9A22756AF800E50FA8 /* Sources */,
				9430CF9B22756AF800E50FA8 /* Frameworks */,
				9430CF9C22756AF800E50FA8 /* Resources */,
			);
			buildRules = (
			);
			dependencies = (
			);
			name = FullScreenCamera;
			productName = FullScreenCamera;
			productReference = 9430CF9E22756AF800E50FA8 /* FullScreenCamera.app */;
			productType = "com.apple.product-type.application";
		};
/* End PBXNativeTarget section */

/* Begin PBXProject section */
		9430CF9622756AF800E50FA8 /* Project object */ = {
			isa = PBXProject;
			attributes = {
				LastSwiftUpdateCheck = 1020;
				LastUpgradeCheck = 1020;
				ORGANIZATIONNAME = com.joonwon;
				TargetAttributes = {
					9430CF9D22756AF800E50FA8 = {
						CreatedOnToolsVersion = 10.2;
					};
				};
			};
			buildConfigurationList = 9430CF9922756AF800E50FA8 /* Build configuration list for PBXProject "FullScreenCamera" */;
			compatibilityVersion = "Xcode 9.3";
			developmentRegion = en;
			hasScannedForEncodings = 0;
			knownRegions = (
				en,
				Base,
			);
			mainGroup = 9430CF9522756AF800E50FA8;
			productRefGroup = 9430CF9F22756AF800E50FA8 /* Products */;
			projectDirPath = "";
			projectRoot = "";
			targets = (
				9430CF9D22756AF800E50FA8 /* FullScreenCamera */,
			);
		};
/* End PBXProject section */

/* Begin PBXResourcesBuildPhase section */
		9430CF9C22756AF800E50FA8 /* Resources */ = {
			isa = PBXResourcesBuildPhase;
			buildActionMask = 2147483647;
			files = (
				9430CFAC22756AF900E50FA8 /* LaunchScreen.storyboard in Resources */,
				9430CFA922756AF900E50FA8 /* Assets.xcassets in Resources */,
				9430CFA722756AF800E50FA8 /* Main.storyboard in Resources */,
			);
			runOnlyForDeploymentPostprocessing = 0;
		};
/* End PBXResourcesBuildPhase section */

/* Begin PBXSourcesBuildPhase section */
		9430CF9A22756AF800E50FA8 /* Sources */ = {
			isa = PBXSourcesBuildPhase;
			buildActionMask = 2147483647;
			files = (
				9430CFA422756AF800E50FA8 /* CameraViewController.swift in Sources */,
				9430CFA222756AF800E50FA8 /* AppDelegate.swift in Sources */,
				9430CFB42275707900E50FA8 /* PreviewView.swift in Sources */,
			);
			runOnlyForDeploymentPostprocessing = 0;
		};
/* End PBXSourcesBuildPhase section */

/* Begin PBXVariantGroup section */
		9430CFA522756AF800E50FA8 /* Main.storyboard */ = {
			isa = PBXVariantGroup;
			children = (
				9430CFA622756AF800E50FA8 /* Base */,
			);
			name = Main.storyboard;
			sourceTree = "<group>";
		};
		9430CFAA22756AF900E50FA8 /* LaunchScreen.storyboard */ = {
			isa = PBXVariantGroup;
			children = (
				9430CFAB22756AF900E50FA8 /* Base */,
			);
			name = LaunchScreen.storyboard;
			sourceTree = "<group>";
		};
/* End PBXVariantGroup section */

/* Begin XCBuildConfiguration section */
		9430CFAE22756AF900E50FA8 /* Debug */ = {
			isa = XCBuildConfiguration;
			buildSettings = {
				ALWAYS_SEARCH_USER_PATHS = NO;
				CLANG_ANALYZER_NONNULL = YES;
				CLANG_ANALYZER_NUMBER_OBJECT_CONVERSION = YES_AGGRESSIVE;
				CLANG_CXX_LANGUAGE_STANDARD = "gnu++14";
				CLANG_CXX_LIBRARY = "libc++";
				CLANG_ENABLE_MODULES = YES;
				CLANG_ENABLE_OBJC_ARC = YES;
				CLANG_ENABLE_OBJC_WEAK = YES;
				CLANG_WARN_BLOCK_CAPTURE_AUTORELEASING = YES;
				CLANG_WARN_BOOL_CONVERSION = YES;
				CLANG_WARN_COMMA = YES;
				CLANG_WARN_CONSTANT_CONVERSION = YES;
				CLANG_WARN_DEPRECATED_OBJC_IMPLEMENTATIONS = YES;
				CLANG_WARN_DIRECT_OBJC_ISA_USAGE = YES_ERROR;
				CLANG_WARN_DOCUMENTATION_COMMENTS = YES;
				CLANG_WARN_EMPTY_BODY = YES;
				CLANG_WARN_ENUM_CONVERSION = YES;
				CLANG_WARN_INFINITE_RECURSION = YES;
				CLANG_WARN_INT_CONVERSION = YES;
				CLANG_WARN_NON_LITERAL_NULL_CONVERSION = YES;
				CLANG_WARN_OBJC_IMPLICIT_RETAIN_SELF = YES;
				CLANG_WARN_OBJC_LITERAL_CONVERSION = YES;
				CLANG_WARN_OBJC_ROOT_CLASS = YES_ERROR;
				CLANG_WARN_RANGE_LOOP_ANALYSIS = YES;
				CLANG_WARN_STRICT_PROTOTYPES = YES;
				CLANG_WARN_SUSPICIOUS_MOVE = YES;
				CLANG_WARN_UNGUARDED_AVAILABILITY = YES_AGGRESSIVE;
				CLANG_WARN_UNREACHABLE_CODE = YES;
				CLANG_WARN__DUPLICATE_METHOD_MATCH = YES;
				CODE_SIGN_IDENTITY = "iPhone Developer";
				COPY_PHASE_STRIP = NO;
				DEBUG_INFORMATION_FORMAT = dwarf;
				ENABLE_STRICT_OBJC_MSGSEND = YES;
				ENABLE_TESTABILITY = YES;
				GCC_C_LANGUAGE_STANDARD = gnu11;
				GCC_DYNAMIC_NO_PIC = NO;
				GCC_NO_COMMON_BLOCKS = YES;
				GCC_OPTIMIZATION_LEVEL = 0;
				GCC_PREPROCESSOR_DEFINITIONS = (
					"DEBUG=1",
					"$(inherited)",
				);
				GCC_WARN_64_TO_32_BIT_CONVERSION = YES;
				GCC_WARN_ABOUT_RETURN_TYPE = YES_ERROR;
				GCC_WARN_UNDECLARED_SELECTOR = YES;
				GCC_WARN_UNINITIALIZED_AUTOS = YES_AGGRESSIVE;
				GCC_WARN_UNUSED_FUNCTION = YES;
				GCC_WARN_UNUSED_VARIABLE = YES;
				IPHONEOS_DEPLOYMENT_TARGET = 12.2;
				MTL_ENABLE_DEBUG_INFO = INCLUDE_SOURCE;
				MTL_FAST_MATH = YES;
				ONLY_ACTIVE_ARCH = YES;
				SDKROOT = iphoneos;
				SWIFT_ACTIVE_COMPILATION_CONDITIONS = DEBUG;
				SWIFT_OPTIMIZATION_LEVEL = "-Onone";
			};
			name = Debug;
		};
		9430CFAF22756AF900E50FA8 /* Release */ = {
			isa = XCBuildConfiguration;
			buildSettings = {
				ALWAYS_SEARCH_USER_PATHS = NO;
				CLANG_ANALYZER_NONNULL = YES;
				CLANG_ANALYZER_NUMBER_OBJECT_CONVERSION = YES_AGGRESSIVE;
				CLANG_CXX_LANGUAGE_STANDARD = "gnu++14";
				CLANG_CXX_LIBRARY = "libc++";
				CLANG_ENABLE_MODULES = YES;
				CLANG_ENABLE_OBJC_ARC = YES;
				CLANG_ENABLE_OBJC_WEAK = YES;
				CLANG_WARN_BLOCK_CAPTURE_AUTORELEASING = YES;
				CLANG_WARN_BOOL_CONVERSION = YES;
				CLANG_WARN_COMMA = YES;
				CLANG_WARN_CONSTANT_CONVERSION = YES;
				CLANG_WARN_DEPRECATED_OBJC_IMPLEMENTATIONS = YES;
				CLANG_WARN_DIRECT_OBJC_ISA_USAGE = YES_ERROR;
				CLANG_WARN_DOCUMENTATION_COMMENTS = YES;
				CLANG_WARN_EMPTY_BODY = YES;
				CLANG_WARN_ENUM_CONVERSION = YES;
				CLANG_WARN_INFINITE_RECURSION = YES;
				CLANG_WARN_INT_CONVERSION = YES;
				CLANG_WARN_NON_LITERAL_NULL_CONVERSION = YES;
				CLANG_WARN_OBJC_IMPLICIT_RETAIN_SELF = YES;
				CLANG_WARN_OBJC_LITERAL_CONVERSION = YES;
				CLANG_WARN_OBJC_ROOT_CLASS = YES_ERROR;
				CLANG_WARN_RANGE_LOOP_ANALYSIS = YES;
				CLANG_WARN_STRICT_PROTOTYPES = YES;
				CLANG_WARN_SUSPICIOUS_MOVE = YES;
				CLANG_WARN_UNGUARDED_AVAILABILITY = YES_AGGRESSIVE;
				CLANG_WARN_UNREACHABLE_CODE = YES;
				CLANG_WARN__DUPLICATE_METHOD_MATCH = YES;
				CODE_SIGN_IDENTITY = "iPhone Developer";
				COPY_PHASE_STRIP = NO;
				DEBUG_INFORMATION_FORMAT = "dwarf-with-dsym";
				ENABLE_NS_ASSERTIONS = NO;
				ENABLE_STRICT_OBJC_MSGSEND = YES;
				GCC_C_LANGUAGE_STANDARD = gnu11;
				GCC_NO_COMMON_BLOCKS = YES;
				GCC_WARN_64_TO_32_BIT_CONVERSION = YES;
				GCC_WARN_ABOUT_RETURN_TYPE = YES_ERROR;
				GCC_WARN_UNDECLARED_SELECTOR = YES;
				GCC_WARN_UNINITIALIZED_AUTOS = YES_AGGRESSIVE;
				GCC_WARN_UNUSED_FUNCTION = YES;
				GCC_WARN_UNUSED_VARIABLE = YES;
				IPHONEOS_DEPLOYMENT_TARGET = 12.2;
				MTL_ENABLE_DEBUG_INFO = NO;
				MTL_FAST_MATH = YES;
				SDKROOT = iphoneos;
				SWIFT_COMPILATION_MODE = wholemodule;
				SWIFT_OPTIMIZATION_LEVEL = "-O";
				VALIDATE_PRODUCT = YES;
			};
			name = Release;
		};
		9430CFB122756AF900E50FA8 /* Debug */ = {
			isa = XCBuildConfiguration;
			buildSettings = {
				ASSETCATALOG_COMPILER_APPICON_NAME = AppIcon;
				CODE_SIGN_STYLE = Automatic;
				DEVELOPMENT_TEAM = C98APEMDUR;
				INFOPLIST_FILE = FullScreenCamera/Info.plist;
				LD_RUNPATH_SEARCH_PATHS = (
					"$(inherited)",
					"@executable_path/Frameworks",
				);
				PRODUCT_BUNDLE_IDENTIFIER = com.joonwon.FullScreenCamera;
				PRODUCT_NAME = "$(TARGET_NAME)";
				SWIFT_VERSION = 5.0;
				TARGETED_DEVICE_FAMILY = "1,2";
			};
			name = Debug;
		};
		9430CFB222756AF900E50FA8 /* Release */ = {
			isa = XCBuildConfiguration;
			buildSettings = {
				ASSETCATALOG_COMPILER_APPICON_NAME = AppIcon;
				CODE_SIGN_STYLE = Automatic;
				DEVELOPMENT_TEAM = C98APEMDUR;
				INFOPLIST_FILE = FullScreenCamera/Info.plist;
				LD_RUNPATH_SEARCH_PATHS = (
					"$(inherited)",
					"@executable_path/Frameworks",
				);
				PRODUCT_BUNDLE_IDENTIFIER = com.joonwon.FullScreenCamera;
				PRODUCT_NAME = "$(TARGET_NAME)";
				SWIFT_VERSION = 5.0;
				TARGETED_DEVICE_FAMILY = "1,2";
			};
			name = Release;
		};
/* End XCBuildConfiguration section */

/* Begin XCConfigurationList section */
		9430CF9922756AF800E50FA8 /* Build configuration list for PBXProject "FullScreenCamera" */ = {
			isa = XCConfigurationList;
			buildConfigurations = (
				9430CFAE22756AF900E50FA8 /* Debug */,
				9430CFAF22756AF900E50FA8 /* Release */,
			);
			defaultConfigurationIsVisible = 0;
			defaultConfigurationName = Release;
		};
		9430CFB022756AF900E50FA8 /* Build configuration list for PBXNativeTarget "FullScreenCamera" */ = {
			isa = XCConfigurationList;
			buildConfigurations = (
				9430CFB122756AF900E50FA8 /* Debug */,
				9430CFB222756AF900E50FA8 /* Release */,
			);
			defaultConfigurationIsVisible = 0;
			defaultConfigurationName = Release;
		};
/* End XCConfigurationList section */
	};
	rootObject = 9430CF9622756AF800E50FA8 /* Project object */;
}
