// !$*UTF8*$!
{
	archiveVersion = 1;
	classes = {
	};
	objectVersion = 55;
	objects = {

/* Begin PBXBuildFile section */
		8BBE3EF1272D4CC800233882 /* AppDelegate.swift in Sources */ = {isa = PBXBuildFile; fileRef = 8BBE3EF0272D4CC800233882 /* AppDelegate.swift */; };
		8BBE3EF3272D4CC800233882 /* SceneDelegate.swift in Sources */ = {isa = PBXBuildFile; fileRef = 8BBE3EF2272D4CC800233882 /* SceneDelegate.swift */; };
		8BBE3EF5272D4CC800233882 /* TabBarController.swift in Sources */ = {isa = PBXBuildFile; fileRef = 8BBE3EF4272D4CC800233882 /* TabBarController.swift */; };
		8BBE3EFA272D4CCA00233882 /* Assets.xcassets in Resources */ = {isa = PBXBuildFile; fileRef = 8BBE3EF9272D4CCA00233882 /* Assets.xcassets */; };
		8BBE3EFD272D4CCA00233882 /* LaunchScreen.storyboard in Resources */ = {isa = PBXBuildFile; fileRef = 8BBE3EFB272D4CCA00233882 /* LaunchScreen.storyboard */; };
		8BBE3F06272D4CF100233882 /* SnapKit in Frameworks */ = {isa = PBXBuildFile; productRef = 8BBE3F05272D4CF100233882 /* SnapKit */; };
		8BBE3F09272D4D0400233882 /* Kingfisher in Frameworks */ = {isa = PBXBuildFile; productRef = 8BBE3F08272D4D0400233882 /* Kingfisher */; };
		8BBE3F0D272D519300233882 /* TodayViewController.swift in Sources */ = {isa = PBXBuildFile; fileRef = 8BBE3F0C272D519300233882 /* TodayViewController.swift */; };
		8BBE3F0F272D758800233882 /* TodayCollectionViewCell.swift in Sources */ = {isa = PBXBuildFile; fileRef = 8BBE3F0E272D758800233882 /* TodayCollectionViewCell.swift */; };
		8BBE3F11272D7F3300233882 /* TodayCollectionHeaderView.swift in Sources */ = {isa = PBXBuildFile; fileRef = 8BBE3F10272D7F3300233882 /* TodayCollectionHeaderView.swift */; };
/* End PBXBuildFile section */

/* Begin PBXFileReference section */
		8BBE3EED272D4CC800233882 /* AppStore.app */ = {isa = PBXFileReference; explicitFileType = wrapper.application; includeInIndex = 0; path = AppStore.app; sourceTree = BUILT_PRODUCTS_DIR; };
		8BBE3EF0272D4CC800233882 /* AppDelegate.swift */ = {isa = PBXFileReference; lastKnownFileType = sourcecode.swift; path = AppDelegate.swift; sourceTree = "<group>"; };
		8BBE3EF2272D4CC800233882 /* SceneDelegate.swift */ = {isa = PBXFileReference; lastKnownFileType = sourcecode.swift; path = SceneDelegate.swift; sourceTree = "<group>"; };
		8BBE3EF4272D4CC800233882 /* TabBarController.swift */ = {isa = PBXFileReference; lastKnownFileType = sourcecode.swift; name = TabBarController.swift; path = "../New Group/TabBarController.swift"; sourceTree = "<group>"; };
		8BBE3EF9272D4CCA00233882 /* Assets.xcassets */ = {isa = PBXFileReference; lastKnownFileType = folder.assetcatalog; path = Assets.xcassets; sourceTree = "<group>"; };
		8BBE3EFC272D4CCA00233882 /* Base */ = {isa = PBXFileReference; lastKnownFileType = file.storyboard; name = Base; path = Base.lproj/LaunchScreen.storyboard; sourceTree = "<group>"; };
		8BBE3EFE272D4CCA00233882 /* Info.plist */ = {isa = PBXFileReference; lastKnownFileType = text.plist.xml; path = Info.plist; sourceTree = "<group>"; };
		8BBE3F0C272D519300233882 /* TodayViewController.swift */ = {isa = PBXFileReference; lastKnownFileType = sourcecode.swift; path = TodayViewController.swift; sourceTree = "<group>"; };
		8BBE3F0E272D758800233882 /* TodayCollectionViewCell.swift */ = {isa = PBXFileReference; lastKnownFileType = sourcecode.swift; path = TodayCollectionViewCell.swift; sourceTree = "<group>"; };
		8BBE3F10272D7F3300233882 /* TodayCollectionHeaderView.swift */ = {isa = PBXFileReference; lastKnownFileType = sourcecode.swift; path = TodayCollectionHeaderView.swift; sourceTree = "<group>"; };
/* End PBXFileReference section */

/* Begin PBXFrameworksBuildPhase section */
		8BBE3EEA272D4CC800233882 /* Frameworks */ = {
			isa = PBXFrameworksBuildPhase;
			buildActionMask = 2147483647;
			files = (
				8BBE3F09272D4D0400233882 /* Kingfisher in Frameworks */,
				8BBE3F06272D4CF100233882 /* SnapKit in Frameworks */,
			);
			runOnlyForDeploymentPostprocessing = 0;
		};
/* End PBXFrameworksBuildPhase section */

/* Begin PBXGroup section */
		8BBE3EE4272D4CC800233882 = {
			isa = PBXGroup;
			children = (
				8BBE3EEF272D4CC800233882 /* AppStore */,
				8BBE3EEE272D4CC800233882 /* Products */,
			);
			sourceTree = "<group>";
		};
		8BBE3EEE272D4CC800233882 /* Products */ = {
			isa = PBXGroup;
			children = (
				8BBE3EED272D4CC800233882 /* AppStore.app */,
			);
			name = Products;
			sourceTree = "<group>";
		};
		8BBE3EEF272D4CC800233882 /* AppStore */ = {
			isa = PBXGroup;
			children = (
				8BBE3F0A272D515600233882 /* Scenes */,
				8BBE3EF0272D4CC800233882 /* AppDelegate.swift */,
				8BBE3EF2272D4CC800233882 /* SceneDelegate.swift */,
				8BBE3EF9272D4CCA00233882 /* Assets.xcassets */,
				8BBE3EFB272D4CCA00233882 /* LaunchScreen.storyboard */,
				8BBE3EFE272D4CCA00233882 /* Info.plist */,
			);
			path = AppStore;
			sourceTree = "<group>";
		};
		8BBE3F0A272D515600233882 /* Scenes */ = {
			isa = PBXGroup;
			children = (
				8BBE3F0B272D517500233882 /* Today */,
				8BBE3EF4272D4CC800233882 /* TabBarController.swift */,
			);
			path = Scenes;
			sourceTree = "<group>";
		};
		8BBE3F0B272D517500233882 /* Today */ = {
			isa = PBXGroup;
			children = (
				8BBE3F0C272D519300233882 /* TodayViewController.swift */,
				8BBE3F0E272D758800233882 /* TodayCollectionViewCell.swift */,
				8BBE3F10272D7F3300233882 /* TodayCollectionHeaderView.swift */,
			);
			path = Today;
			sourceTree = "<group>";
		};
/* End PBXGroup section */

/* Begin PBXNativeTarget section */
		8BBE3EEC272D4CC800233882 /* AppStore */ = {
			isa = PBXNativeTarget;
			buildConfigurationList = 8BBE3F01272D4CCA00233882 /* Build configuration list for PBXNativeTarget "AppStore" */;
			buildPhases = (
				8BBE3EE9272D4CC800233882 /* Sources */,
				8BBE3EEA272D4CC800233882 /* Frameworks */,
				8BBE3EEB272D4CC800233882 /* Resources */,
			);
			buildRules = (
			);
			dependencies = (
			);
			name = AppStore;
			packageProductDependencies = (
				8BBE3F05272D4CF100233882 /* SnapKit */,
				8BBE3F08272D4D0400233882 /* Kingfisher */,
			);
			productName = AppStore;
			productReference = 8BBE3EED272D4CC800233882 /* AppStore.app */;
			productType = "com.apple.product-type.application";
		};
/* End PBXNativeTarget section */

/* Begin PBXProject section */
		8BBE3EE5272D4CC800233882 /* Project object */ = {
			isa = PBXProject;
			attributes = {
				BuildIndependentTargetsInParallel = 1;
				LastSwiftUpdateCheck = 1300;
				LastUpgradeCheck = 1300;
				TargetAttributes = {
					8BBE3EEC272D4CC800233882 = {
						CreatedOnToolsVersion = 13.0;
					};
				};
			};
			buildConfigurationList = 8BBE3EE8272D4CC800233882 /* Build configuration list for PBXProject "AppStore" */;
			compatibilityVersion = "Xcode 13.0";
			developmentRegion = en;
			hasScannedForEncodings = 0;
			knownRegions = (
				en,
				Base,
			);
			mainGroup = 8BBE3EE4272D4CC800233882;
			packageReferences = (
				8BBE3F04272D4CF100233882 /* XCRemoteSwiftPackageReference "SnapKit" */,
				8BBE3F07272D4D0400233882 /* XCRemoteSwiftPackageReference "Kingfisher" */,
			);
			productRefGroup = 8BBE3EEE272D4CC800233882 /* Products */;
			projectDirPath = "";
			projectRoot = "";
			targets = (
				8BBE3EEC272D4CC800233882 /* AppStore */,
			);
		};
/* End PBXProject section */

/* Begin PBXResourcesBuildPhase section */
		8BBE3EEB272D4CC800233882 /* Resources */ = {
			isa = PBXResourcesBuildPhase;
			buildActionMask = 2147483647;
			files = (
				8BBE3EFD272D4CCA00233882 /* LaunchScreen.storyboard in Resources */,
				8BBE3EFA272D4CCA00233882 /* Assets.xcassets in Resources */,
			);
			runOnlyForDeploymentPostprocessing = 0;
		};
/* End PBXResourcesBuildPhase section */

/* Begin PBXSourcesBuildPhase section */
		8BBE3EE9272D4CC800233882 /* Sources */ = {
			isa = PBXSourcesBuildPhase;
			buildActionMask = 2147483647;
			files = (
				8BBE3F0D272D519300233882 /* TodayViewController.swift in Sources */,
				8BBE3EF5272D4CC800233882 /* TabBarController.swift in Sources */,
				8BBE3EF1272D4CC800233882 /* AppDelegate.swift in Sources */,
				8BBE3F11272D7F3300233882 /* TodayCollectionHeaderView.swift in Sources */,
				8BBE3EF3272D4CC800233882 /* SceneDelegate.swift in Sources */,
				8BBE3F0F272D758800233882 /* TodayCollectionViewCell.swift in Sources */,
			);
			runOnlyForDeploymentPostprocessing = 0;
		};
/* End PBXSourcesBuildPhase section */

/* Begin PBXVariantGroup section */
		8BBE3EFB272D4CCA00233882 /* LaunchScreen.storyboard */ = {
			isa = PBXVariantGroup;
			children = (
				8BBE3EFC272D4CCA00233882 /* Base */,
			);
			name = LaunchScreen.storyboard;
			sourceTree = "<group>";
		};
/* End PBXVariantGroup section */

/* Begin XCBuildConfiguration section */
		8BBE3EFF272D4CCA00233882 /* Debug */ = {
			isa = XCBuildConfiguration;
			buildSettings = {
				ALWAYS_SEARCH_USER_PATHS = NO;
				CLANG_ANALYZER_NONNULL = YES;
				CLANG_ANALYZER_NUMBER_OBJECT_CONVERSION = YES_AGGRESSIVE;
				CLANG_CXX_LANGUAGE_STANDARD = "gnu++17";
				CLANG_CXX_LIBRARY = "libc++";
				CLANG_ENABLE_MODULES = YES;
				CLANG_ENABLE_OBJC_ARC = YES;
				CLANG_ENABLE_OBJC_WEAK = YES;
				CLANG_WARN_BLOCK_CAPTURE_AUTORELEASING = YES;
				CLANG_WARN_BOOL_CONVERSION = YES;
				CLANG_WARN_COMMA = YES;
				CLANG_WARN_CONSTANT_CONVERSION = YES;
				CLANG_WARN_DEPRECATED_OBJC_IMPLEMENTATIONS = YES;
				CLANG_WARN_DIRECT_OBJC_ISA_USAGE = YES_ERROR;
				CLANG_WARN_DOCUMENTATION_COMMENTS = YES;
				CLANG_WARN_EMPTY_BODY = YES;
				CLANG_WARN_ENUM_CONVERSION = YES;
				CLANG_WARN_INFINITE_RECURSION = YES;
				CLANG_WARN_INT_CONVERSION = YES;
				CLANG_WARN_NON_LITERAL_NULL_CONVERSION = YES;
				CLANG_WARN_OBJC_IMPLICIT_RETAIN_SELF = YES;
				CLANG_WARN_OBJC_LITERAL_CONVERSION = YES;
				CLANG_WARN_OBJC_ROOT_CLASS = YES_ERROR;
				CLANG_WARN_QUOTED_INCLUDE_IN_FRAMEWORK_HEADER = YES;
				CLANG_WARN_RANGE_LOOP_ANALYSIS = YES;
				CLANG_WARN_STRICT_PROTOTYPES = YES;
				CLANG_WARN_SUSPICIOUS_MOVE = YES;
				CLANG_WARN_UNGUARDED_AVAILABILITY = YES_AGGRESSIVE;
				CLANG_WARN_UNREACHABLE_CODE = YES;
				CLANG_WARN__DUPLICATE_METHOD_MATCH = YES;
				COPY_PHASE_STRIP = NO;
				DEBUG_INFORMATION_FORMAT = dwarf;
				ENABLE_STRICT_OBJC_MSGSEND = YES;
				ENABLE_TESTABILITY = YES;
				GCC_C_LANGUAGE_STANDARD = gnu11;
				GCC_DYNAMIC_NO_PIC = NO;
				GCC_NO_COMMON_BLOCKS = YES;
				GCC_OPTIMIZATION_LEVEL = 0;
				GCC_PREPROCESSOR_DEFINITIONS = (
					"DEBUG=1",
					"$(inherited)",
				);
				GCC_WARN_64_TO_32_BIT_CONVERSION = YES;
				GCC_WARN_ABOUT_RETURN_TYPE = YES_ERROR;
				GCC_WARN_UNDECLARED_SELECTOR = YES;
				GCC_WARN_UNINITIALIZED_AUTOS = YES_AGGRESSIVE;
				GCC_WARN_UNUSED_FUNCTION = YES;
				GCC_WARN_UNUSED_VARIABLE = YES;
				IPHONEOS_DEPLOYMENT_TARGET = 15.0;
				MTL_ENABLE_DEBUG_INFO = INCLUDE_SOURCE;
				MTL_FAST_MATH = YES;
				ONLY_ACTIVE_ARCH = YES;
				SDKROOT = iphoneos;
				SWIFT_ACTIVE_COMPILATION_CONDITIONS = DEBUG;
				SWIFT_OPTIMIZATION_LEVEL = "-Onone";
			};
			name = Debug;
		};
		8BBE3F00272D4CCA00233882 /* Release */ = {
			isa = XCBuildConfiguration;
			buildSettings = {
				ALWAYS_SEARCH_USER_PATHS = NO;
				CLANG_ANALYZER_NONNULL = YES;
				CLANG_ANALYZER_NUMBER_OBJECT_CONVERSION = YES_AGGRESSIVE;
				CLANG_CXX_LANGUAGE_STANDARD = "gnu++17";
				CLANG_CXX_LIBRARY = "libc++";
				CLANG_ENABLE_MODULES = YES;
				CLANG_ENABLE_OBJC_ARC = YES;
				CLANG_ENABLE_OBJC_WEAK = YES;
				CLANG_WARN_BLOCK_CAPTURE_AUTORELEASING = YES;
				CLANG_WARN_BOOL_CONVERSION = YES;
				CLANG_WARN_COMMA = YES;
				CLANG_WARN_CONSTANT_CONVERSION = YES;
				CLANG_WARN_DEPRECATED_OBJC_IMPLEMENTATIONS = YES;
				CLANG_WARN_DIRECT_OBJC_ISA_USAGE = YES_ERROR;
				CLANG_WARN_DOCUMENTATION_COMMENTS = YES;
				CLANG_WARN_EMPTY_BODY = YES;
				CLANG_WARN_ENUM_CONVERSION = YES;
				CLANG_WARN_INFINITE_RECURSION = YES;
				CLANG_WARN_INT_CONVERSION = YES;
				CLANG_WARN_NON_LITERAL_NULL_CONVERSION = YES;
				CLANG_WARN_OBJC_IMPLICIT_RETAIN_SELF = YES;
				CLANG_WARN_OBJC_LITERAL_CONVERSION = YES;
				CLANG_WARN_OBJC_ROOT_CLASS = YES_ERROR;
				CLANG_WARN_QUOTED_INCLUDE_IN_FRAMEWORK_HEADER = YES;
				CLANG_WARN_RANGE_LOOP_ANALYSIS = YES;
				CLANG_WARN_STRICT_PROTOTYPES = YES;
				CLANG_WARN_SUSPICIOUS_MOVE = YES;
				CLANG_WARN_UNGUARDED_AVAILABILITY = YES_AGGRESSIVE;
				CLANG_WARN_UNREACHABLE_CODE = YES;
				CLANG_WARN__DUPLICATE_METHOD_MATCH = YES;
				COPY_PHASE_STRIP = NO;
				DEBUG_INFORMATION_FORMAT = "dwarf-with-dsym";
				ENABLE_NS_ASSERTIONS = NO;
				ENABLE_STRICT_OBJC_MSGSEND = YES;
				GCC_C_LANGUAGE_STANDARD = gnu11;
				GCC_NO_COMMON_BLOCKS = YES;
				GCC_WARN_64_TO_32_BIT_CONVERSION = YES;
				GCC_WARN_ABOUT_RETURN_TYPE = YES_ERROR;
				GCC_WARN_UNDECLARED_SELECTOR = YES;
				GCC_WARN_UNINITIALIZED_AUTOS = YES_AGGRESSIVE;
				GCC_WARN_UNUSED_FUNCTION = YES;
				GCC_WARN_UNUSED_VARIABLE = YES;
				IPHONEOS_DEPLOYMENT_TARGET = 15.0;
				MTL_ENABLE_DEBUG_INFO = NO;
				MTL_FAST_MATH = YES;
				SDKROOT = iphoneos;
				SWIFT_COMPILATION_MODE = wholemodule;
				SWIFT_OPTIMIZATION_LEVEL = "-O";
				VALIDATE_PRODUCT = YES;
			};
			name = Release;
		};
		8BBE3F02272D4CCA00233882 /* Debug */ = {
			isa = XCBuildConfiguration;
			buildSettings = {
				ASSETCATALOG_COMPILER_APPICON_NAME = AppIcon;
				ASSETCATALOG_COMPILER_GLOBAL_ACCENT_COLOR_NAME = AccentColor;
				CODE_SIGN_STYLE = Automatic;
				CURRENT_PROJECT_VERSION = 1;
				DEVELOPMENT_TEAM = YRWXQ78FKR;
				GENERATE_INFOPLIST_FILE = YES;
				INFOPLIST_FILE = AppStore/Info.plist;
				INFOPLIST_KEY_UIApplicationSupportsIndirectInputEvents = YES;
				INFOPLIST_KEY_UILaunchStoryboardName = LaunchScreen;
				INFOPLIST_KEY_UISupportedInterfaceOrientations_iPad = "UIInterfaceOrientationPortrait UIInterfaceOrientationPortraitUpsideDown UIInterfaceOrientationLandscapeLeft UIInterfaceOrientationLandscapeRight";
				INFOPLIST_KEY_UISupportedInterfaceOrientations_iPhone = "UIInterfaceOrientationPortrait UIInterfaceOrientationLandscapeLeft UIInterfaceOrientationLandscapeRight";
				LD_RUNPATH_SEARCH_PATHS = (
					"$(inherited)",
					"@executable_path/Frameworks",
				);
				MARKETING_VERSION = 1.0;
				PRODUCT_BUNDLE_IDENTIFIER = com.JuseobJang.AppStore;
				PRODUCT_NAME = "$(TARGET_NAME)";
				SWIFT_EMIT_LOC_STRINGS = YES;
				SWIFT_VERSION = 5.0;
				TARGETED_DEVICE_FAMILY = "1,2";
			};
			name = Debug;
		};
		8BBE3F03272D4CCA00233882 /* Release */ = {
			isa = XCBuildConfiguration;
			buildSettings = {
				ASSETCATALOG_COMPILER_APPICON_NAME = AppIcon;
				ASSETCATALOG_COMPILER_GLOBAL_ACCENT_COLOR_NAME = AccentColor;
				CODE_SIGN_STYLE = Automatic;
				CURRENT_PROJECT_VERSION = 1;
				DEVELOPMENT_TEAM = YRWXQ78FKR;
				GENERATE_INFOPLIST_FILE = YES;
				INFOPLIST_FILE = AppStore/Info.plist;
				INFOPLIST_KEY_UIApplicationSupportsIndirectInputEvents = YES;
				INFOPLIST_KEY_UILaunchStoryboardName = LaunchScreen;
				INFOPLIST_KEY_UISupportedInterfaceOrientations_iPad = "UIInterfaceOrientationPortrait UIInterfaceOrientationPortraitUpsideDown UIInterfaceOrientationLandscapeLeft UIInterfaceOrientationLandscapeRight";
				INFOPLIST_KEY_UISupportedInterfaceOrientations_iPhone = "UIInterfaceOrientationPortrait UIInterfaceOrientationLandscapeLeft UIInterfaceOrientationLandscapeRight";
				LD_RUNPATH_SEARCH_PATHS = (
					"$(inherited)",
					"@executable_path/Frameworks",
				);
				MARKETING_VERSION = 1.0;
				PRODUCT_BUNDLE_IDENTIFIER = com.JuseobJang.AppStore;
				PRODUCT_NAME = "$(TARGET_NAME)";
				SWIFT_EMIT_LOC_STRINGS = YES;
				SWIFT_VERSION = 5.0;
				TARGETED_DEVICE_FAMILY = "1,2";
			};
			name = Release;
		};
/* End XCBuildConfiguration section */

/* Begin XCConfigurationList section */
		8BBE3EE8272D4CC800233882 /* Build configuration list for PBXProject "AppStore" */ = {
			isa = XCConfigurationList;
			buildConfigurations = (
				8BBE3EFF272D4CCA00233882 /* Debug */,
				8BBE3F00272D4CCA00233882 /* Release */,
			);
			defaultConfigurationIsVisible = 0;
			defaultConfigurationName = Release;
		};
		8BBE3F01272D4CCA00233882 /* Build configuration list for PBXNativeTarget "AppStore" */ = {
			isa = XCConfigurationList;
			buildConfigurations = (
				8BBE3F02272D4CCA00233882 /* Debug */,
				8BBE3F03272D4CCA00233882 /* Release */,
			);
			defaultConfigurationIsVisible = 0;
			defaultConfigurationName = Release;
		};
/* End XCConfigurationList section */

/* Begin XCRemoteSwiftPackageReference section */
		8BBE3F04272D4CF100233882 /* XCRemoteSwiftPackageReference "SnapKit" */ = {
			isa = XCRemoteSwiftPackageReference;
			repositoryURL = "https://github.com/SnapKit/SnapKit";
			requirement = {
				branch = develop;
				kind = branch;
			};
		};
		8BBE3F07272D4D0400233882 /* XCRemoteSwiftPackageReference "Kingfisher" */ = {
			isa = XCRemoteSwiftPackageReference;
			repositoryURL = "https://github.com/onevcat/Kingfisher";
			requirement = {
				branch = master;
				kind = branch;
			};
		};
/* End XCRemoteSwiftPackageReference section */

/* Begin XCSwiftPackageProductDependency section */
		8BBE3F05272D4CF100233882 /* SnapKit */ = {
			isa = XCSwiftPackageProductDependency;
			package = 8BBE3F04272D4CF100233882 /* XCRemoteSwiftPackageReference "SnapKit" */;
			productName = SnapKit;
		};
		8BBE3F08272D4D0400233882 /* Kingfisher */ = {
			isa = XCSwiftPackageProductDependency;
			package = 8BBE3F07272D4D0400233882 /* XCRemoteSwiftPackageReference "Kingfisher" */;
			productName = Kingfisher;
		};
/* End XCSwiftPackageProductDependency section */
	};
	rootObject = 8BBE3EE5272D4CC800233882 /* Project object */;
}
