// !$*UTF8*$!
{
	archiveVersion = 1;
	classes = {
	};
	objectVersion = 51;
	objects = {

/* Begin PBXBuildFile section */
		7492847C232CC1B16BB8D44C /* Pods_CreditCardList.framework in Frameworks */ = {isa = PBXBuildFile; fileRef = 1149533F5D56451479B2152E /* Pods_CreditCardList.framework */; };
		8BBF181326E754F300E34367 /* AppDelegate.swift in Sources */ = {isa = PBXBuildFile; fileRef = 8BBF181226E754F300E34367 /* AppDelegate.swift */; };
		8BBF181526E754F300E34367 /* SceneDelegate.swift in Sources */ = {isa = PBXBuildFile; fileRef = 8BBF181426E754F300E34367 /* SceneDelegate.swift */; };
		8BBF181A26E754F300E34367 /* Main.storyboard in Resources */ = {isa = PBXBuildFile; fileRef = 8BBF181826E754F300E34367 /* Main.storyboard */; };
		8BBF181C26E754F500E34367 /* Assets.xcassets in Resources */ = {isa = PBXBuildFile; fileRef = 8BBF181B26E754F500E34367 /* Assets.xcassets */; };
		8BBF181F26E754F500E34367 /* LaunchScreen.storyboard in Resources */ = {isa = PBXBuildFile; fileRef = 8BBF181D26E754F500E34367 /* LaunchScreen.storyboard */; };
		8BBF182726E7552200E34367 /* CardListViewController.swift in Sources */ = {isa = PBXBuildFile; fileRef = 8BBF182626E7552200E34367 /* CardListViewController.swift */; };
		8BBF182926E755E700E34367 /* CreditCard.swift in Sources */ = {isa = PBXBuildFile; fileRef = 8BBF182826E755E700E34367 /* CreditCard.swift */; };
		8BBF182C26E756B400E34367 /* CardListCell.swift in Sources */ = {isa = PBXBuildFile; fileRef = 8BBF182A26E756B400E34367 /* CardListCell.swift */; };
		8BBF182D26E756B400E34367 /* CardListCell.xib in Resources */ = {isa = PBXBuildFile; fileRef = 8BBF182B26E756B400E34367 /* CardListCell.xib */; };
		8BD5BDD226E75DD600C9BB0E /* CardDetailViewController.swift in Sources */ = {isa = PBXBuildFile; fileRef = 8BD5BDD126E75DD600C9BB0E /* CardDetailViewController.swift */; };
		8BD5BDD426E75FA700C9BB0E /* money.json in Resources */ = {isa = PBXBuildFile; fileRef = 8BD5BDD326E75FA700C9BB0E /* money.json */; };
/* End PBXBuildFile section */

/* Begin PBXFileReference section */
		1149533F5D56451479B2152E /* Pods_CreditCardList.framework */ = {isa = PBXFileReference; explicitFileType = wrapper.framework; includeInIndex = 0; path = Pods_CreditCardList.framework; sourceTree = BUILT_PRODUCTS_DIR; };
		3856CF3A64FE92A5038D00BE /* Pods-CreditCardList.debug.xcconfig */ = {isa = PBXFileReference; includeInIndex = 1; lastKnownFileType = text.xcconfig; name = "Pods-CreditCardList.debug.xcconfig"; path = "Target Support Files/Pods-CreditCardList/Pods-CreditCardList.debug.xcconfig"; sourceTree = "<group>"; };
		71E625972B48BF588C040499 /* Pods-CreditCardList.release.xcconfig */ = {isa = PBXFileReference; includeInIndex = 1; lastKnownFileType = text.xcconfig; name = "Pods-CreditCardList.release.xcconfig"; path = "Target Support Files/Pods-CreditCardList/Pods-CreditCardList.release.xcconfig"; sourceTree = "<group>"; };
		8BBF180F26E754F300E34367 /* CreditCardList.app */ = {isa = PBXFileReference; explicitFileType = wrapper.application; includeInIndex = 0; path = CreditCardList.app; sourceTree = BUILT_PRODUCTS_DIR; };
		8BBF181226E754F300E34367 /* AppDelegate.swift */ = {isa = PBXFileReference; lastKnownFileType = sourcecode.swift; path = AppDelegate.swift; sourceTree = "<group>"; };
		8BBF181426E754F300E34367 /* SceneDelegate.swift */ = {isa = PBXFileReference; lastKnownFileType = sourcecode.swift; path = SceneDelegate.swift; sourceTree = "<group>"; };
		8BBF181926E754F300E34367 /* Base */ = {isa = PBXFileReference; lastKnownFileType = file.storyboard; name = Base; path = Base.lproj/Main.storyboard; sourceTree = "<group>"; };
		8BBF181B26E754F500E34367 /* Assets.xcassets */ = {isa = PBXFileReference; lastKnownFileType = folder.assetcatalog; path = Assets.xcassets; sourceTree = "<group>"; };
		8BBF181E26E754F500E34367 /* Base */ = {isa = PBXFileReference; lastKnownFileType = file.storyboard; name = Base; path = Base.lproj/LaunchScreen.storyboard; sourceTree = "<group>"; };
		8BBF182026E754F500E34367 /* Info.plist */ = {isa = PBXFileReference; lastKnownFileType = text.plist.xml; path = Info.plist; sourceTree = "<group>"; };
		8BBF182626E7552200E34367 /* CardListViewController.swift */ = {isa = PBXFileReference; lastKnownFileType = sourcecode.swift; path = CardListViewController.swift; sourceTree = "<group>"; };
		8BBF182826E755E700E34367 /* CreditCard.swift */ = {isa = PBXFileReference; lastKnownFileType = sourcecode.swift; path = CreditCard.swift; sourceTree = "<group>"; };
		8BBF182A26E756B400E34367 /* CardListCell.swift */ = {isa = PBXFileReference; lastKnownFileType = sourcecode.swift; path = CardListCell.swift; sourceTree = "<group>"; };
		8BBF182B26E756B400E34367 /* CardListCell.xib */ = {isa = PBXFileReference; lastKnownFileType = file.xib; path = CardListCell.xib; sourceTree = "<group>"; };
		8BD5BDD126E75DD600C9BB0E /* CardDetailViewController.swift */ = {isa = PBXFileReference; lastKnownFileType = sourcecode.swift; path = CardDetailViewController.swift; sourceTree = "<group>"; };
		8BD5BDD326E75FA700C9BB0E /* money.json */ = {isa = PBXFileReference; fileEncoding = 4; lastKnownFileType = text.json; path = money.json; sourceTree = "<group>"; };
/* End PBXFileReference section */

/* Begin PBXFrameworksBuildPhase section */
		8BBF180C26E754F300E34367 /* Frameworks */ = {
			isa = PBXFrameworksBuildPhase;
			buildActionMask = 2147483647;
			files = (
				7492847C232CC1B16BB8D44C /* Pods_CreditCardList.framework in Frameworks */,
			);
			runOnlyForDeploymentPostprocessing = 0;
		};
/* End PBXFrameworksBuildPhase section */

/* Begin PBXGroup section */
		5C961A359B8E3E29D4B7A1A8 /* Frameworks */ = {
			isa = PBXGroup;
			children = (
				1149533F5D56451479B2152E /* Pods_CreditCardList.framework */,
			);
			name = Frameworks;
			sourceTree = "<group>";
		};
		76A7160BFB60B05EAB9C37A6 /* Pods */ = {
			isa = PBXGroup;
			children = (
				3856CF3A64FE92A5038D00BE /* Pods-CreditCardList.debug.xcconfig */,
				71E625972B48BF588C040499 /* Pods-CreditCardList.release.xcconfig */,
			);
			path = Pods;
			sourceTree = "<group>";
		};
		8BBF180626E754F300E34367 = {
			isa = PBXGroup;
			children = (
				8BBF181126E754F300E34367 /* CreditCardList */,
				8BBF181026E754F300E34367 /* Products */,
				76A7160BFB60B05EAB9C37A6 /* Pods */,
				5C961A359B8E3E29D4B7A1A8 /* Frameworks */,
			);
			sourceTree = "<group>";
		};
		8BBF181026E754F300E34367 /* Products */ = {
			isa = PBXGroup;
			children = (
				8BBF180F26E754F300E34367 /* CreditCardList.app */,
			);
			name = Products;
			sourceTree = "<group>";
		};
		8BBF181126E754F300E34367 /* CreditCardList */ = {
			isa = PBXGroup;
			children = (
				8BD5BDD326E75FA700C9BB0E /* money.json */,
				8BBF181226E754F300E34367 /* AppDelegate.swift */,
				8BBF181426E754F300E34367 /* SceneDelegate.swift */,
				8BBF181826E754F300E34367 /* Main.storyboard */,
				8BBF181B26E754F500E34367 /* Assets.xcassets */,
				8BBF181D26E754F500E34367 /* LaunchScreen.storyboard */,
				8BBF182026E754F500E34367 /* Info.plist */,
				8BBF182626E7552200E34367 /* CardListViewController.swift */,
				8BBF182826E755E700E34367 /* CreditCard.swift */,
				8BBF182A26E756B400E34367 /* CardListCell.swift */,
				8BBF182B26E756B400E34367 /* CardListCell.xib */,
				8BD5BDD126E75DD600C9BB0E /* CardDetailViewController.swift */,
			);
			path = CreditCardList;
			sourceTree = "<group>";
		};
/* End PBXGroup section */

/* Begin PBXNativeTarget section */
		8BBF180E26E754F300E34367 /* CreditCardList */ = {
			isa = PBXNativeTarget;
			buildConfigurationList = 8BBF182326E754F500E34367 /* Build configuration list for PBXNativeTarget "CreditCardList" */;
			buildPhases = (
				0733D07CD762104A9CE7CF4E /* [CP] Check Pods Manifest.lock */,
				8BBF180B26E754F300E34367 /* Sources */,
				8BBF180C26E754F300E34367 /* Frameworks */,
				8BBF180D26E754F300E34367 /* Resources */,
				56090C4D0B55335E134B9757 /* [CP] Embed Pods Frameworks */,
			);
			buildRules = (
			);
			dependencies = (
			);
			name = CreditCardList;
			productName = CreditCardList;
			productReference = 8BBF180F26E754F300E34367 /* CreditCardList.app */;
			productType = "com.apple.product-type.application";
		};
/* End PBXNativeTarget section */

/* Begin PBXProject section */
		8BBF180726E754F300E34367 /* Project object */ = {
			isa = PBXProject;
			attributes = {
				LastSwiftUpdateCheck = 1250;
				LastUpgradeCheck = 1250;
				TargetAttributes = {
					8BBF180E26E754F300E34367 = {
						CreatedOnToolsVersion = 12.5;
					};
				};
			};
			buildConfigurationList = 8BBF180A26E754F300E34367 /* Build configuration list for PBXProject "CreditCardList" */;
			compatibilityVersion = "Xcode 9.3";
			developmentRegion = en;
			hasScannedForEncodings = 0;
			knownRegions = (
				en,
				Base,
			);
			mainGroup = 8BBF180626E754F300E34367;
			productRefGroup = 8BBF181026E754F300E34367 /* Products */;
			projectDirPath = "";
			projectRoot = "";
			targets = (
				8BBF180E26E754F300E34367 /* CreditCardList */,
			);
		};
/* End PBXProject section */

/* Begin PBXResourcesBuildPhase section */
		8BBF180D26E754F300E34367 /* Resources */ = {
			isa = PBXResourcesBuildPhase;
			buildActionMask = 2147483647;
			files = (
				8BBF181F26E754F500E34367 /* LaunchScreen.storyboard in Resources */,
				8BBF181C26E754F500E34367 /* Assets.xcassets in Resources */,
				8BD5BDD426E75FA700C9BB0E /* money.json in Resources */,
				8BBF181A26E754F300E34367 /* Main.storyboard in Resources */,
				8BBF182D26E756B400E34367 /* CardListCell.xib in Resources */,
			);
			runOnlyForDeploymentPostprocessing = 0;
		};
/* End PBXResourcesBuildPhase section */

/* Begin PBXShellScriptBuildPhase section */
		0733D07CD762104A9CE7CF4E /* [CP] Check Pods Manifest.lock */ = {
			isa = PBXShellScriptBuildPhase;
			buildActionMask = 2147483647;
			files = (
			);
			inputFileListPaths = (
			);
			inputPaths = (
				"${PODS_PODFILE_DIR_PATH}/Podfile.lock",
				"${PODS_ROOT}/Manifest.lock",
			);
			name = "[CP] Check Pods Manifest.lock";
			outputFileListPaths = (
			);
			outputPaths = (
				"$(DERIVED_FILE_DIR)/Pods-CreditCardList-checkManifestLockResult.txt",
			);
			runOnlyForDeploymentPostprocessing = 0;
			shellPath = /bin/sh;
			shellScript = "diff \"${PODS_PODFILE_DIR_PATH}/Podfile.lock\" \"${PODS_ROOT}/Manifest.lock\" > /dev/null\nif [ $? != 0 ] ; then\n    # print error to STDERR\n    echo \"error: The sandbox is not in sync with the Podfile.lock. Run 'pod install' or update your CocoaPods installation.\" >&2\n    exit 1\nfi\n# This output is used by Xcode 'outputs' to avoid re-running this script phase.\necho \"SUCCESS\" > \"${SCRIPT_OUTPUT_FILE_0}\"\n";
			showEnvVarsInLog = 0;
		};
		56090C4D0B55335E134B9757 /* [CP] Embed Pods Frameworks */ = {
			isa = PBXShellScriptBuildPhase;
			buildActionMask = 2147483647;
			files = (
			);
			inputFileListPaths = (
				"${PODS_ROOT}/Target Support Files/Pods-CreditCardList/Pods-CreditCardList-frameworks-${CONFIGURATION}-input-files.xcfilelist",
			);
			name = "[CP] Embed Pods Frameworks";
			outputFileListPaths = (
				"${PODS_ROOT}/Target Support Files/Pods-CreditCardList/Pods-CreditCardList-frameworks-${CONFIGURATION}-output-files.xcfilelist",
			);
			runOnlyForDeploymentPostprocessing = 0;
			shellPath = /bin/sh;
			shellScript = "\"${PODS_ROOT}/Target Support Files/Pods-CreditCardList/Pods-CreditCardList-frameworks.sh\"\n";
			showEnvVarsInLog = 0;
		};
/* End PBXShellScriptBuildPhase section */

/* Begin PBXSourcesBuildPhase section */
		8BBF180B26E754F300E34367 /* Sources */ = {
			isa = PBXSourcesBuildPhase;
			buildActionMask = 2147483647;
			files = (
				8BBF182926E755E700E34367 /* CreditCard.swift in Sources */,
				8BD5BDD226E75DD600C9BB0E /* CardDetailViewController.swift in Sources */,
				8BBF182C26E756B400E34367 /* CardListCell.swift in Sources */,
				8BBF182726E7552200E34367 /* CardListViewController.swift in Sources */,
				8BBF181326E754F300E34367 /* AppDelegate.swift in Sources */,
				8BBF181526E754F300E34367 /* SceneDelegate.swift in Sources */,
			);
			runOnlyForDeploymentPostprocessing = 0;
		};
/* End PBXSourcesBuildPhase section */

/* Begin PBXVariantGroup section */
		8BBF181826E754F300E34367 /* Main.storyboard */ = {
			isa = PBXVariantGroup;
			children = (
				8BBF181926E754F300E34367 /* Base */,
			);
			name = Main.storyboard;
			sourceTree = "<group>";
		};
		8BBF181D26E754F500E34367 /* LaunchScreen.storyboard */ = {
			isa = PBXVariantGroup;
			children = (
				8BBF181E26E754F500E34367 /* Base */,
			);
			name = LaunchScreen.storyboard;
			sourceTree = "<group>";
		};
/* End PBXVariantGroup section */

/* Begin XCBuildConfiguration section */
		8BBF182126E754F500E34367 /* Debug */ = {
			isa = XCBuildConfiguration;
			buildSettings = {
				ALWAYS_SEARCH_USER_PATHS = NO;
				CLANG_ANALYZER_NONNULL = YES;
				CLANG_ANALYZER_NUMBER_OBJECT_CONVERSION = YES_AGGRESSIVE;
				CLANG_CXX_LANGUAGE_STANDARD = "gnu++14";
				CLANG_CXX_LIBRARY = "libc++";
				CLANG_ENABLE_MODULES = YES;
				CLANG_ENABLE_OBJC_ARC = YES;
				CLANG_ENABLE_OBJC_WEAK = YES;
				CLANG_WARN_BLOCK_CAPTURE_AUTORELEASING = YES;
				CLANG_WARN_BOOL_CONVERSION = YES;
				CLANG_WARN_COMMA = YES;
				CLANG_WARN_CONSTANT_CONVERSION = YES;
				CLANG_WARN_DEPRECATED_OBJC_IMPLEMENTATIONS = YES;
				CLANG_WARN_DIRECT_OBJC_ISA_USAGE = YES_ERROR;
				CLANG_WARN_DOCUMENTATION_COMMENTS = YES;
				CLANG_WARN_EMPTY_BODY = YES;
				CLANG_WARN_ENUM_CONVERSION = YES;
				CLANG_WARN_INFINITE_RECURSION = YES;
				CLANG_WARN_INT_CONVERSION = YES;
				CLANG_WARN_NON_LITERAL_NULL_CONVERSION = YES;
				CLANG_WARN_OBJC_IMPLICIT_RETAIN_SELF = YES;
				CLANG_WARN_OBJC_LITERAL_CONVERSION = YES;
				CLANG_WARN_OBJC_ROOT_CLASS = YES_ERROR;
				CLANG_WARN_QUOTED_INCLUDE_IN_FRAMEWORK_HEADER = YES;
				CLANG_WARN_RANGE_LOOP_ANALYSIS = YES;
				CLANG_WARN_STRICT_PROTOTYPES = YES;
				CLANG_WARN_SUSPICIOUS_MOVE = YES;
				CLANG_WARN_UNGUARDED_AVAILABILITY = YES_AGGRESSIVE;
				CLANG_WARN_UNREACHABLE_CODE = YES;
				CLANG_WARN__DUPLICATE_METHOD_MATCH = YES;
				COPY_PHASE_STRIP = NO;
				DEBUG_INFORMATION_FORMAT = dwarf;
				ENABLE_STRICT_OBJC_MSGSEND = YES;
				ENABLE_TESTABILITY = YES;
				GCC_C_LANGUAGE_STANDARD = gnu11;
				GCC_DYNAMIC_NO_PIC = NO;
				GCC_NO_COMMON_BLOCKS = YES;
				GCC_OPTIMIZATION_LEVEL = 0;
				GCC_PREPROCESSOR_DEFINITIONS = (
					"DEBUG=1",
					"$(inherited)",
				);
				GCC_WARN_64_TO_32_BIT_CONVERSION = YES;
				GCC_WARN_ABOUT_RETURN_TYPE = YES_ERROR;
				GCC_WARN_UNDECLARED_SELECTOR = YES;
				GCC_WARN_UNINITIALIZED_AUTOS = YES_AGGRESSIVE;
				GCC_WARN_UNUSED_FUNCTION = YES;
				GCC_WARN_UNUSED_VARIABLE = YES;
				IPHONEOS_DEPLOYMENT_TARGET = 14.5;
				MTL_ENABLE_DEBUG_INFO = INCLUDE_SOURCE;
				MTL_FAST_MATH = YES;
				ONLY_ACTIVE_ARCH = YES;
				SDKROOT = iphoneos;
				SWIFT_ACTIVE_COMPILATION_CONDITIONS = DEBUG;
				SWIFT_OPTIMIZATION_LEVEL = "-Onone";
			};
			name = Debug;
		};
		8BBF182226E754F500E34367 /* Release */ = {
			isa = XCBuildConfiguration;
			buildSettings = {
				ALWAYS_SEARCH_USER_PATHS = NO;
				CLANG_ANALYZER_NONNULL = YES;
				CLANG_ANALYZER_NUMBER_OBJECT_CONVERSION = YES_AGGRESSIVE;
				CLANG_CXX_LANGUAGE_STANDARD = "gnu++14";
				CLANG_CXX_LIBRARY = "libc++";
				CLANG_ENABLE_MODULES = YES;
				CLANG_ENABLE_OBJC_ARC = YES;
				CLANG_ENABLE_OBJC_WEAK = YES;
				CLANG_WARN_BLOCK_CAPTURE_AUTORELEASING = YES;
				CLANG_WARN_BOOL_CONVERSION = YES;
				CLANG_WARN_COMMA = YES;
				CLANG_WARN_CONSTANT_CONVERSION = YES;
				CLANG_WARN_DEPRECATED_OBJC_IMPLEMENTATIONS = YES;
				CLANG_WARN_DIRECT_OBJC_ISA_USAGE = YES_ERROR;
				CLANG_WARN_DOCUMENTATION_COMMENTS = YES;
				CLANG_WARN_EMPTY_BODY = YES;
				CLANG_WARN_ENUM_CONVERSION = YES;
				CLANG_WARN_INFINITE_RECURSION = YES;
				CLANG_WARN_INT_CONVERSION = YES;
				CLANG_WARN_NON_LITERAL_NULL_CONVERSION = YES;
				CLANG_WARN_OBJC_IMPLICIT_RETAIN_SELF = YES;
				CLANG_WARN_OBJC_LITERAL_CONVERSION = YES;
				CLANG_WARN_OBJC_ROOT_CLASS = YES_ERROR;
				CLANG_WARN_QUOTED_INCLUDE_IN_FRAMEWORK_HEADER = YES;
				CLANG_WARN_RANGE_LOOP_ANALYSIS = YES;
				CLANG_WARN_STRICT_PROTOTYPES = YES;
				CLANG_WARN_SUSPICIOUS_MOVE = YES;
				CLANG_WARN_UNGUARDED_AVAILABILITY = YES_AGGRESSIVE;
				CLANG_WARN_UNREACHABLE_CODE = YES;
				CLANG_WARN__DUPLICATE_METHOD_MATCH = YES;
				COPY_PHASE_STRIP = NO;
				DEBUG_INFORMATION_FORMAT = "dwarf-with-dsym";
				ENABLE_NS_ASSERTIONS = NO;
				ENABLE_STRICT_OBJC_MSGSEND = YES;
				GCC_C_LANGUAGE_STANDARD = gnu11;
				GCC_NO_COMMON_BLOCKS = YES;
				GCC_WARN_64_TO_32_BIT_CONVERSION = YES;
				GCC_WARN_ABOUT_RETURN_TYPE = YES_ERROR;
				GCC_WARN_UNDECLARED_SELECTOR = YES;
				GCC_WARN_UNINITIALIZED_AUTOS = YES_AGGRESSIVE;
				GCC_WARN_UNUSED_FUNCTION = YES;
				GCC_WARN_UNUSED_VARIABLE = YES;
				IPHONEOS_DEPLOYMENT_TARGET = 14.5;
				MTL_ENABLE_DEBUG_INFO = NO;
				MTL_FAST_MATH = YES;
				SDKROOT = iphoneos;
				SWIFT_COMPILATION_MODE = wholemodule;
				SWIFT_OPTIMIZATION_LEVEL = "-O";
				VALIDATE_PRODUCT = YES;
			};
			name = Release;
		};
		8BBF182426E754F500E34367 /* Debug */ = {
			isa = XCBuildConfiguration;
			baseConfigurationReference = 3856CF3A64FE92A5038D00BE /* Pods-CreditCardList.debug.xcconfig */;
			buildSettings = {
				ASSETCATALOG_COMPILER_APPICON_NAME = AppIcon;
				ASSETCATALOG_COMPILER_GLOBAL_ACCENT_COLOR_NAME = AccentColor;
				CODE_SIGN_STYLE = Automatic;
				DEVELOPMENT_TEAM = YRWXQ78FKR;
				INFOPLIST_FILE = CreditCardList/Info.plist;
				LD_RUNPATH_SEARCH_PATHS = (
					"$(inherited)",
					"@executable_path/Frameworks",
				);
				PRODUCT_BUNDLE_IDENTIFIER = com.JuseobJang.CreditCardList;
				PRODUCT_NAME = "$(TARGET_NAME)";
				SWIFT_VERSION = 5.0;
				TARGETED_DEVICE_FAMILY = "1,2";
			};
			name = Debug;
		};
		8BBF182526E754F500E34367 /* Release */ = {
			isa = XCBuildConfiguration;
			baseConfigurationReference = 71E625972B48BF588C040499 /* Pods-CreditCardList.release.xcconfig */;
			buildSettings = {
				ASSETCATALOG_COMPILER_APPICON_NAME = AppIcon;
				ASSETCATALOG_COMPILER_GLOBAL_ACCENT_COLOR_NAME = AccentColor;
				CODE_SIGN_STYLE = Automatic;
				DEVELOPMENT_TEAM = YRWXQ78FKR;
				INFOPLIST_FILE = CreditCardList/Info.plist;
				LD_RUNPATH_SEARCH_PATHS = (
					"$(inherited)",
					"@executable_path/Frameworks",
				);
				PRODUCT_BUNDLE_IDENTIFIER = com.JuseobJang.CreditCardList;
				PRODUCT_NAME = "$(TARGET_NAME)";
				SWIFT_VERSION = 5.0;
				TARGETED_DEVICE_FAMILY = "1,2";
			};
			name = Release;
		};
/* End XCBuildConfiguration section */

/* Begin XCConfigurationList section */
		8BBF180A26E754F300E34367 /* Build configuration list for PBXProject "CreditCardList" */ = {
			isa = XCConfigurationList;
			buildConfigurations = (
				8BBF182126E754F500E34367 /* Debug */,
				8BBF182226E754F500E34367 /* Release */,
			);
			defaultConfigurationIsVisible = 0;
			defaultConfigurationName = Release;
		};
		8BBF182326E754F500E34367 /* Build configuration list for PBXNativeTarget "CreditCardList" */ = {
			isa = XCConfigurationList;
			buildConfigurations = (
				8BBF182426E754F500E34367 /* Debug */,
				8BBF182526E754F500E34367 /* Release */,
			);
			defaultConfigurationIsVisible = 0;
			defaultConfigurationName = Release;
		};
/* End XCConfigurationList section */
	};
	rootObject = 8BBF180726E754F300E34367 /* Project object */;
}
