// !$*UTF8*$!
{
	archiveVersion = 1;
	classes = {
	};
	objectVersion = 55;
	objects = {

/* Begin PBXBuildFile section */
		8BD40F1527213F5800C8A106 /* AppDelegate.swift in Sources */ = {isa = PBXBuildFile; fileRef = 8BD40F1427213F5800C8A106 /* AppDelegate.swift */; };
		8BD40F1727213F5800C8A106 /* SceneDelegate.swift in Sources */ = {isa = PBXBuildFile; fileRef = 8BD40F1627213F5800C8A106 /* SceneDelegate.swift */; };
		8BD40F1E27213F5B00C8A106 /* Assets.xcassets in Resources */ = {isa = PBXBuildFile; fileRef = 8BD40F1D27213F5B00C8A106 /* Assets.xcassets */; };
		8BD40F2127213F5B00C8A106 /* LaunchScreen.storyboard in Resources */ = {isa = PBXBuildFile; fileRef = 8BD40F1F27213F5B00C8A106 /* LaunchScreen.storyboard */; };
		8BD40F2927213FE300C8A106 /* BeerListViewController.swift in Sources */ = {isa = PBXBuildFile; fileRef = 8BD40F2827213FE300C8A106 /* BeerListViewController.swift */; };
		8BD40F2C2721415400C8A106 /* SnapKit in Frameworks */ = {isa = PBXBuildFile; productRef = 8BD40F2B2721415400C8A106 /* SnapKit */; };
		8BD40F2F2721418800C8A106 /* Kingfisher in Frameworks */ = {isa = PBXBuildFile; productRef = 8BD40F2E2721418800C8A106 /* Kingfisher */; };
		8BD40F312721421E00C8A106 /* Beer.swift in Sources */ = {isa = PBXBuildFile; fileRef = 8BD40F302721421E00C8A106 /* Beer.swift */; };
		8BD40F33272144EB00C8A106 /* BeerListCell.swift in Sources */ = {isa = PBXBuildFile; fileRef = 8BD40F32272144EB00C8A106 /* BeerListCell.swift */; };
		8BD40F3627214C4700C8A106 /* BeerDetailViewController.swift in Sources */ = {isa = PBXBuildFile; fileRef = 8BD40F3527214C4700C8A106 /* BeerDetailViewController.swift */; };
/* End PBXBuildFile section */

/* Begin PBXFileReference section */
		8BD40F1127213F5800C8A106 /* BreweryApp.app */ = {isa = PBXFileReference; explicitFileType = wrapper.application; includeInIndex = 0; path = BreweryApp.app; sourceTree = BUILT_PRODUCTS_DIR; };
		8BD40F1427213F5800C8A106 /* AppDelegate.swift */ = {isa = PBXFileReference; lastKnownFileType = sourcecode.swift; path = AppDelegate.swift; sourceTree = "<group>"; };
		8BD40F1627213F5800C8A106 /* SceneDelegate.swift */ = {isa = PBXFileReference; lastKnownFileType = sourcecode.swift; path = SceneDelegate.swift; sourceTree = "<group>"; };
		8BD40F1D27213F5B00C8A106 /* Assets.xcassets */ = {isa = PBXFileReference; lastKnownFileType = folder.assetcatalog; path = Assets.xcassets; sourceTree = "<group>"; };
		8BD40F2027213F5B00C8A106 /* Base */ = {isa = PBXFileReference; lastKnownFileType = file.storyboard; name = Base; path = Base.lproj/LaunchScreen.storyboard; sourceTree = "<group>"; };
		8BD40F2227213F5B00C8A106 /* Info.plist */ = {isa = PBXFileReference; lastKnownFileType = text.plist.xml; path = Info.plist; sourceTree = "<group>"; };
		8BD40F2827213FE300C8A106 /* BeerListViewController.swift */ = {isa = PBXFileReference; lastKnownFileType = sourcecode.swift; path = BeerListViewController.swift; sourceTree = "<group>"; };
		8BD40F302721421E00C8A106 /* Beer.swift */ = {isa = PBXFileReference; lastKnownFileType = sourcecode.swift; path = Beer.swift; sourceTree = "<group>"; };
		8BD40F32272144EB00C8A106 /* BeerListCell.swift */ = {isa = PBXFileReference; lastKnownFileType = sourcecode.swift; path = BeerListCell.swift; sourceTree = "<group>"; };
		8BD40F3527214C4700C8A106 /* BeerDetailViewController.swift */ = {isa = PBXFileReference; lastKnownFileType = sourcecode.swift; path = BeerDetailViewController.swift; sourceTree = "<group>"; };
/* End PBXFileReference section */

/* Begin PBXFrameworksBuildPhase section */
		8BD40F0E27213F5800C8A106 /* Frameworks */ = {
			isa = PBXFrameworksBuildPhase;
			buildActionMask = 2147483647;
			files = (
				8BD40F2F2721418800C8A106 /* Kingfisher in Frameworks */,
				8BD40F2C2721415400C8A106 /* SnapKit in Frameworks */,
			);
			runOnlyForDeploymentPostprocessing = 0;
		};
/* End PBXFrameworksBuildPhase section */

/* Begin PBXGroup section */
		8BD40F0827213F5800C8A106 = {
			isa = PBXGroup;
			children = (
				8BD40F1327213F5800C8A106 /* BreweryApp */,
				8BD40F1227213F5800C8A106 /* Products */,
			);
			sourceTree = "<group>";
		};
		8BD40F1227213F5800C8A106 /* Products */ = {
			isa = PBXGroup;
			children = (
				8BD40F1127213F5800C8A106 /* BreweryApp.app */,
			);
			name = Products;
			sourceTree = "<group>";
		};
		8BD40F1327213F5800C8A106 /* BreweryApp */ = {
			isa = PBXGroup;
			children = (
				8BD40F1427213F5800C8A106 /* AppDelegate.swift */,
				8BD40F1627213F5800C8A106 /* SceneDelegate.swift */,
				8BD40F1D27213F5B00C8A106 /* Assets.xcassets */,
				8BD40F1F27213F5B00C8A106 /* LaunchScreen.storyboard */,
				8BD40F2227213F5B00C8A106 /* Info.plist */,
				8BD40F2827213FE300C8A106 /* BeerListViewController.swift */,
				8BD40F302721421E00C8A106 /* Beer.swift */,
				8BD40F32272144EB00C8A106 /* BeerListCell.swift */,
				8BD40F3527214C4700C8A106 /* BeerDetailViewController.swift */,
			);
			path = BreweryApp;
			sourceTree = "<group>";
		};
/* End PBXGroup section */

/* Begin PBXNativeTarget section */
		8BD40F1027213F5800C8A106 /* BreweryApp */ = {
			isa = PBXNativeTarget;
			buildConfigurationList = 8BD40F2527213F5B00C8A106 /* Build configuration list for PBXNativeTarget "BreweryApp" */;
			buildPhases = (
				8BD40F0D27213F5800C8A106 /* Sources */,
				8BD40F0E27213F5800C8A106 /* Frameworks */,
				8BD40F0F27213F5800C8A106 /* Resources */,
			);
			buildRules = (
			);
			dependencies = (
			);
			name = BreweryApp;
			packageProductDependencies = (
				8BD40F2B2721415400C8A106 /* SnapKit */,
				8BD40F2E2721418800C8A106 /* Kingfisher */,
			);
			productName = BreweryApp;
			productReference = 8BD40F1127213F5800C8A106 /* BreweryApp.app */;
			productType = "com.apple.product-type.application";
		};
/* End PBXNativeTarget section */

/* Begin PBXProject section */
		8BD40F0927213F5800C8A106 /* Project object */ = {
			isa = PBXProject;
			attributes = {
				BuildIndependentTargetsInParallel = 1;
				LastSwiftUpdateCheck = 1300;
				LastUpgradeCheck = 1300;
				TargetAttributes = {
					8BD40F1027213F5800C8A106 = {
						CreatedOnToolsVersion = 13.0;
					};
				};
			};
			buildConfigurationList = 8BD40F0C27213F5800C8A106 /* Build configuration list for PBXProject "BreweryApp" */;
			compatibilityVersion = "Xcode 13.0";
			developmentRegion = en;
			hasScannedForEncodings = 0;
			knownRegions = (
				en,
				Base,
			);
			mainGroup = 8BD40F0827213F5800C8A106;
			packageReferences = (
				8BD40F2A2721415400C8A106 /* XCRemoteSwiftPackageReference "SnapKit" */,
				8BD40F2D2721418800C8A106 /* XCRemoteSwiftPackageReference "Kingfisher" */,
			);
			productRefGroup = 8BD40F1227213F5800C8A106 /* Products */;
			projectDirPath = "";
			projectRoot = "";
			targets = (
				8BD40F1027213F5800C8A106 /* BreweryApp */,
			);
		};
/* End PBXProject section */

/* Begin PBXResourcesBuildPhase section */
		8BD40F0F27213F5800C8A106 /* Resources */ = {
			isa = PBXResourcesBuildPhase;
			buildActionMask = 2147483647;
			files = (
				8BD40F2127213F5B00C8A106 /* LaunchScreen.storyboard in Resources */,
				8BD40F1E27213F5B00C8A106 /* Assets.xcassets in Resources */,
			);
			runOnlyForDeploymentPostprocessing = 0;
		};
/* End PBXResourcesBuildPhase section */

/* Begin PBXSourcesBuildPhase section */
		8BD40F0D27213F5800C8A106 /* Sources */ = {
			isa = PBXSourcesBuildPhase;
			buildActionMask = 2147483647;
			files = (
				8BD40F2927213FE300C8A106 /* BeerListViewController.swift in Sources */,
				8BD40F3627214C4700C8A106 /* BeerDetailViewController.swift in Sources */,
				8BD40F1527213F5800C8A106 /* AppDelegate.swift in Sources */,
				8BD40F1727213F5800C8A106 /* SceneDelegate.swift in Sources */,
				8BD40F312721421E00C8A106 /* Beer.swift in Sources */,
				8BD40F33272144EB00C8A106 /* BeerListCell.swift in Sources */,
			);
			runOnlyForDeploymentPostprocessing = 0;
		};
/* End PBXSourcesBuildPhase section */

/* Begin PBXVariantGroup section */
		8BD40F1F27213F5B00C8A106 /* LaunchScreen.storyboard */ = {
			isa = PBXVariantGroup;
			children = (
				8BD40F2027213F5B00C8A106 /* Base */,
			);
			name = LaunchScreen.storyboard;
			sourceTree = "<group>";
		};
/* End PBXVariantGroup section */

/* Begin XCBuildConfiguration section */
		8BD40F2327213F5B00C8A106 /* Debug */ = {
			isa = XCBuildConfiguration;
			buildSettings = {
				ALWAYS_SEARCH_USER_PATHS = NO;
				CLANG_ANALYZER_NONNULL = YES;
				CLANG_ANALYZER_NUMBER_OBJECT_CONVERSION = YES_AGGRESSIVE;
				CLANG_CXX_LANGUAGE_STANDARD = "gnu++17";
				CLANG_CXX_LIBRARY = "libc++";
				CLANG_ENABLE_MODULES = YES;
				CLANG_ENABLE_OBJC_ARC = YES;
				CLANG_ENABLE_OBJC_WEAK = YES;
				CLANG_WARN_BLOCK_CAPTURE_AUTORELEASING = YES;
				CLANG_WARN_BOOL_CONVERSION = YES;
				CLANG_WARN_COMMA = YES;
				CLANG_WARN_CONSTANT_CONVERSION = YES;
				CLANG_WARN_DEPRECATED_OBJC_IMPLEMENTATIONS = YES;
				CLANG_WARN_DIRECT_OBJC_ISA_USAGE = YES_ERROR;
				CLANG_WARN_DOCUMENTATION_COMMENTS = YES;
				CLANG_WARN_EMPTY_BODY = YES;
				CLANG_WARN_ENUM_CONVERSION = YES;
				CLANG_WARN_INFINITE_RECURSION = YES;
				CLANG_WARN_INT_CONVERSION = YES;
				CLANG_WARN_NON_LITERAL_NULL_CONVERSION = YES;
				CLANG_WARN_OBJC_IMPLICIT_RETAIN_SELF = YES;
				CLANG_WARN_OBJC_LITERAL_CONVERSION = YES;
				CLANG_WARN_OBJC_ROOT_CLASS = YES_ERROR;
				CLANG_WARN_QUOTED_INCLUDE_IN_FRAMEWORK_HEADER = YES;
				CLANG_WARN_RANGE_LOOP_ANALYSIS = YES;
				CLANG_WARN_STRICT_PROTOTYPES = YES;
				CLANG_WARN_SUSPICIOUS_MOVE = YES;
				CLANG_WARN_UNGUARDED_AVAILABILITY = YES_AGGRESSIVE;
				CLANG_WARN_UNREACHABLE_CODE = YES;
				CLANG_WARN__DUPLICATE_METHOD_MATCH = YES;
				COPY_PHASE_STRIP = NO;
				DEBUG_INFORMATION_FORMAT = dwarf;
				ENABLE_STRICT_OBJC_MSGSEND = YES;
				ENABLE_TESTABILITY = YES;
				GCC_C_LANGUAGE_STANDARD = gnu11;
				GCC_DYNAMIC_NO_PIC = NO;
				GCC_NO_COMMON_BLOCKS = YES;
				GCC_OPTIMIZATION_LEVEL = 0;
				GCC_PREPROCESSOR_DEFINITIONS = (
					"DEBUG=1",
					"$(inherited)",
				);
				GCC_WARN_64_TO_32_BIT_CONVERSION = YES;
				GCC_WARN_ABOUT_RETURN_TYPE = YES_ERROR;
				GCC_WARN_UNDECLARED_SELECTOR = YES;
				GCC_WARN_UNINITIALIZED_AUTOS = YES_AGGRESSIVE;
				GCC_WARN_UNUSED_FUNCTION = YES;
				GCC_WARN_UNUSED_VARIABLE = YES;
				IPHONEOS_DEPLOYMENT_TARGET = 15.0;
				MTL_ENABLE_DEBUG_INFO = INCLUDE_SOURCE;
				MTL_FAST_MATH = YES;
				ONLY_ACTIVE_ARCH = YES;
				SDKROOT = iphoneos;
				SWIFT_ACTIVE_COMPILATION_CONDITIONS = DEBUG;
				SWIFT_OPTIMIZATION_LEVEL = "-Onone";
			};
			name = Debug;
		};
		8BD40F2427213F5B00C8A106 /* Release */ = {
			isa = XCBuildConfiguration;
			buildSettings = {
				ALWAYS_SEARCH_USER_PATHS = NO;
				CLANG_ANALYZER_NONNULL = YES;
				CLANG_ANALYZER_NUMBER_OBJECT_CONVERSION = YES_AGGRESSIVE;
				CLANG_CXX_LANGUAGE_STANDARD = "gnu++17";
				CLANG_CXX_LIBRARY = "libc++";
				CLANG_ENABLE_MODULES = YES;
				CLANG_ENABLE_OBJC_ARC = YES;
				CLANG_ENABLE_OBJC_WEAK = YES;
				CLANG_WARN_BLOCK_CAPTURE_AUTORELEASING = YES;
				CLANG_WARN_BOOL_CONVERSION = YES;
				CLANG_WARN_COMMA = YES;
				CLANG_WARN_CONSTANT_CONVERSION = YES;
				CLANG_WARN_DEPRECATED_OBJC_IMPLEMENTATIONS = YES;
				CLANG_WARN_DIRECT_OBJC_ISA_USAGE = YES_ERROR;
				CLANG_WARN_DOCUMENTATION_COMMENTS = YES;
				CLANG_WARN_EMPTY_BODY = YES;
				CLANG_WARN_ENUM_CONVERSION = YES;
				CLANG_WARN_INFINITE_RECURSION = YES;
				CLANG_WARN_INT_CONVERSION = YES;
				CLANG_WARN_NON_LITERAL_NULL_CONVERSION = YES;
				CLANG_WARN_OBJC_IMPLICIT_RETAIN_SELF = YES;
				CLANG_WARN_OBJC_LITERAL_CONVERSION = YES;
				CLANG_WARN_OBJC_ROOT_CLASS = YES_ERROR;
				CLANG_WARN_QUOTED_INCLUDE_IN_FRAMEWORK_HEADER = YES;
				CLANG_WARN_RANGE_LOOP_ANALYSIS = YES;
				CLANG_WARN_STRICT_PROTOTYPES = YES;
				CLANG_WARN_SUSPICIOUS_MOVE = YES;
				CLANG_WARN_UNGUARDED_AVAILABILITY = YES_AGGRESSIVE;
				CLANG_WARN_UNREACHABLE_CODE = YES;
				CLANG_WARN__DUPLICATE_METHOD_MATCH = YES;
				COPY_PHASE_STRIP = NO;
				DEBUG_INFORMATION_FORMAT = "dwarf-with-dsym";
				ENABLE_NS_ASSERTIONS = NO;
				ENABLE_STRICT_OBJC_MSGSEND = YES;
				GCC_C_LANGUAGE_STANDARD = gnu11;
				GCC_NO_COMMON_BLOCKS = YES;
				GCC_WARN_64_TO_32_BIT_CONVERSION = YES;
				GCC_WARN_ABOUT_RETURN_TYPE = YES_ERROR;
				GCC_WARN_UNDECLARED_SELECTOR = YES;
				GCC_WARN_UNINITIALIZED_AUTOS = YES_AGGRESSIVE;
				GCC_WARN_UNUSED_FUNCTION = YES;
				GCC_WARN_UNUSED_VARIABLE = YES;
				IPHONEOS_DEPLOYMENT_TARGET = 15.0;
				MTL_ENABLE_DEBUG_INFO = NO;
				MTL_FAST_MATH = YES;
				SDKROOT = iphoneos;
				SWIFT_COMPILATION_MODE = wholemodule;
				SWIFT_OPTIMIZATION_LEVEL = "-O";
				VALIDATE_PRODUCT = YES;
			};
			name = Release;
		};
		8BD40F2627213F5B00C8A106 /* Debug */ = {
			isa = XCBuildConfiguration;
			buildSettings = {
				ASSETCATALOG_COMPILER_APPICON_NAME = AppIcon;
				ASSETCATALOG_COMPILER_GLOBAL_ACCENT_COLOR_NAME = AccentColor;
				CODE_SIGN_STYLE = Automatic;
				CURRENT_PROJECT_VERSION = 1;
				DEVELOPMENT_TEAM = YRWXQ78FKR;
				GENERATE_INFOPLIST_FILE = YES;
				INFOPLIST_FILE = BreweryApp/Info.plist;
				INFOPLIST_KEY_UIApplicationSupportsIndirectInputEvents = YES;
				INFOPLIST_KEY_UILaunchStoryboardName = LaunchScreen;
				INFOPLIST_KEY_UISupportedInterfaceOrientations_iPad = "UIInterfaceOrientationPortrait UIInterfaceOrientationPortraitUpsideDown UIInterfaceOrientationLandscapeLeft UIInterfaceOrientationLandscapeRight";
				INFOPLIST_KEY_UISupportedInterfaceOrientations_iPhone = "UIInterfaceOrientationPortrait UIInterfaceOrientationLandscapeLeft UIInterfaceOrientationLandscapeRight";
				LD_RUNPATH_SEARCH_PATHS = (
					"$(inherited)",
					"@executable_path/Frameworks",
				);
				MARKETING_VERSION = 1.0;
				PRODUCT_BUNDLE_IDENTIFIER = com.JuseobJang.BreweryApp;
				PRODUCT_NAME = "$(TARGET_NAME)";
				SWIFT_EMIT_LOC_STRINGS = YES;
				SWIFT_VERSION = 5.0;
				TARGETED_DEVICE_FAMILY = "1,2";
			};
			name = Debug;
		};
		8BD40F2727213F5B00C8A106 /* Release */ = {
			isa = XCBuildConfiguration;
			buildSettings = {
				ASSETCATALOG_COMPILER_APPICON_NAME = AppIcon;
				ASSETCATALOG_COMPILER_GLOBAL_ACCENT_COLOR_NAME = AccentColor;
				CODE_SIGN_STYLE = Automatic;
				CURRENT_PROJECT_VERSION = 1;
				DEVELOPMENT_TEAM = YRWXQ78FKR;
				GENERATE_INFOPLIST_FILE = YES;
				INFOPLIST_FILE = BreweryApp/Info.plist;
				INFOPLIST_KEY_UIApplicationSupportsIndirectInputEvents = YES;
				INFOPLIST_KEY_UILaunchStoryboardName = LaunchScreen;
				INFOPLIST_KEY_UISupportedInterfaceOrientations_iPad = "UIInterfaceOrientationPortrait UIInterfaceOrientationPortraitUpsideDown UIInterfaceOrientationLandscapeLeft UIInterfaceOrientationLandscapeRight";
				INFOPLIST_KEY_UISupportedInterfaceOrientations_iPhone = "UIInterfaceOrientationPortrait UIInterfaceOrientationLandscapeLeft UIInterfaceOrientationLandscapeRight";
				LD_RUNPATH_SEARCH_PATHS = (
					"$(inherited)",
					"@executable_path/Frameworks",
				);
				MARKETING_VERSION = 1.0;
				PRODUCT_BUNDLE_IDENTIFIER = com.JuseobJang.BreweryApp;
				PRODUCT_NAME = "$(TARGET_NAME)";
				SWIFT_EMIT_LOC_STRINGS = YES;
				SWIFT_VERSION = 5.0;
				TARGETED_DEVICE_FAMILY = "1,2";
			};
			name = Release;
		};
/* End XCBuildConfiguration section */

/* Begin XCConfigurationList section */
		8BD40F0C27213F5800C8A106 /* Build configuration list for PBXProject "BreweryApp" */ = {
			isa = XCConfigurationList;
			buildConfigurations = (
				8BD40F2327213F5B00C8A106 /* Debug */,
				8BD40F2427213F5B00C8A106 /* Release */,
			);
			defaultConfigurationIsVisible = 0;
			defaultConfigurationName = Release;
		};
		8BD40F2527213F5B00C8A106 /* Build configuration list for PBXNativeTarget "BreweryApp" */ = {
			isa = XCConfigurationList;
			buildConfigurations = (
				8BD40F2627213F5B00C8A106 /* Debug */,
				8BD40F2727213F5B00C8A106 /* Release */,
			);
			defaultConfigurationIsVisible = 0;
			defaultConfigurationName = Release;
		};
/* End XCConfigurationList section */

/* Begin XCRemoteSwiftPackageReference section */
		8BD40F2A2721415400C8A106 /* XCRemoteSwiftPackageReference "SnapKit" */ = {
			isa = XCRemoteSwiftPackageReference;
			repositoryURL = "https://github.com/SnapKit/SnapKit";
			requirement = {
				kind = upToNextMajorVersion;
				minimumVersion = 5.0.0;
			};
		};
		8BD40F2D2721418800C8A106 /* XCRemoteSwiftPackageReference "Kingfisher" */ = {
			isa = XCRemoteSwiftPackageReference;
			repositoryURL = "https://github.com/onevcat/Kingfisher";
			requirement = {
				kind = upToNextMajorVersion;
				minimumVersion = 7.0.0;
			};
		};
/* End XCRemoteSwiftPackageReference section */

/* Begin XCSwiftPackageProductDependency section */
		8BD40F2B2721415400C8A106 /* SnapKit */ = {
			isa = XCSwiftPackageProductDependency;
			package = 8BD40F2A2721415400C8A106 /* XCRemoteSwiftPackageReference "SnapKit" */;
			productName = SnapKit;
		};
		8BD40F2E2721418800C8A106 /* Kingfisher */ = {
			isa = XCSwiftPackageProductDependency;
			package = 8BD40F2D2721418800C8A106 /* XCRemoteSwiftPackageReference "Kingfisher" */;
			productName = Kingfisher;
		};
/* End XCSwiftPackageProductDependency section */
	};
	rootObject = 8BD40F0927213F5800C8A106 /* Project object */;
}
