// !$*UTF8*$!
{
	archiveVersion = 1;
	classes = {
	};
	objectVersion = 50;
	objects = {

/* Begin PBXBuildFile section */
		359B79FC6C6E2E6EF42A9601 /* Pods_Firebase101.framework in Frameworks */ = {isa = PBXBuildFile; fileRef = 922047F3F4FD8DAB14E56EB1 /* Pods_Firebase101.framework */; };
		8B96B7AC26B26F9000AF5A06 /* AppDelegate.swift in Sources */ = {isa = PBXBuildFile; fileRef = 8B96B7AB26B26F9000AF5A06 /* AppDelegate.swift */; };
		8B96B7AE26B26F9000AF5A06 /* SceneDelegate.swift in Sources */ = {isa = PBXBuildFile; fileRef = 8B96B7AD26B26F9000AF5A06 /* SceneDelegate.swift */; };
		8B96B7B026B26F9000AF5A06 /* ViewController.swift in Sources */ = {isa = PBXBuildFile; fileRef = 8B96B7AF26B26F9000AF5A06 /* ViewController.swift */; };
		8B96B7B326B26F9000AF5A06 /* Main.storyboard in Resources */ = {isa = PBXBuildFile; fileRef = 8B96B7B126B26F9000AF5A06 /* Main.storyboard */; };
		8B96B7B526B26F9200AF5A06 /* Assets.xcassets in Resources */ = {isa = PBXBuildFile; fileRef = 8B96B7B426B26F9200AF5A06 /* Assets.xcassets */; };
		8B96B7B826B26F9200AF5A06 /* LaunchScreen.storyboard in Resources */ = {isa = PBXBuildFile; fileRef = 8B96B7B626B26F9200AF5A06 /* LaunchScreen.storyboard */; };
		8B96B7C026B270EC00AF5A06 /* GoogleService-Info.plist in Resources */ = {isa = PBXBuildFile; fileRef = 8B96B7BF26B270EC00AF5A06 /* GoogleService-Info.plist */; };
/* End PBXBuildFile section */

/* Begin PBXFileReference section */
		8B96B7A826B26F9000AF5A06 /* Firebase101.app */ = {isa = PBXFileReference; explicitFileType = wrapper.application; includeInIndex = 0; path = Firebase101.app; sourceTree = BUILT_PRODUCTS_DIR; };
		8B96B7AB26B26F9000AF5A06 /* AppDelegate.swift */ = {isa = PBXFileReference; lastKnownFileType = sourcecode.swift; path = AppDelegate.swift; sourceTree = "<group>"; };
		8B96B7AD26B26F9000AF5A06 /* SceneDelegate.swift */ = {isa = PBXFileReference; lastKnownFileType = sourcecode.swift; path = SceneDelegate.swift; sourceTree = "<group>"; };
		8B96B7AF26B26F9000AF5A06 /* ViewController.swift */ = {isa = PBXFileReference; lastKnownFileType = sourcecode.swift; path = ViewController.swift; sourceTree = "<group>"; };
		8B96B7B226B26F9000AF5A06 /* Base */ = {isa = PBXFileReference; lastKnownFileType = file.storyboard; name = Base; path = Base.lproj/Main.storyboard; sourceTree = "<group>"; };
		8B96B7B426B26F9200AF5A06 /* Assets.xcassets */ = {isa = PBXFileReference; lastKnownFileType = folder.assetcatalog; path = Assets.xcassets; sourceTree = "<group>"; };
		8B96B7B726B26F9200AF5A06 /* Base */ = {isa = PBXFileReference; lastKnownFileType = file.storyboard; name = Base; path = Base.lproj/LaunchScreen.storyboard; sourceTree = "<group>"; };
		8B96B7B926B26F9200AF5A06 /* Info.plist */ = {isa = PBXFileReference; lastKnownFileType = text.plist.xml; path = Info.plist; sourceTree = "<group>"; };
		8B96B7BF26B270EC00AF5A06 /* GoogleService-Info.plist */ = {isa = PBXFileReference; fileEncoding = 4; lastKnownFileType = text.plist.xml; path = "GoogleService-Info.plist"; sourceTree = "<group>"; };
		922047F3F4FD8DAB14E56EB1 /* Pods_Firebase101.framework */ = {isa = PBXFileReference; explicitFileType = wrapper.framework; includeInIndex = 0; path = Pods_Firebase101.framework; sourceTree = BUILT_PRODUCTS_DIR; };
		A78D1F9061CC13C6A8C7B4ED /* Pods-Firebase101.debug.xcconfig */ = {isa = PBXFileReference; includeInIndex = 1; lastKnownFileType = text.xcconfig; name = "Pods-Firebase101.debug.xcconfig"; path = "Target Support Files/Pods-Firebase101/Pods-Firebase101.debug.xcconfig"; sourceTree = "<group>"; };
		D69F97A46F4317244E82B626 /* Pods-Firebase101.release.xcconfig */ = {isa = PBXFileReference; includeInIndex = 1; lastKnownFileType = text.xcconfig; name = "Pods-Firebase101.release.xcconfig"; path = "Target Support Files/Pods-Firebase101/Pods-Firebase101.release.xcconfig"; sourceTree = "<group>"; };
/* End PBXFileReference section */

/* Begin PBXFrameworksBuildPhase section */
		8B96B7A526B26F9000AF5A06 /* Frameworks */ = {
			isa = PBXFrameworksBuildPhase;
			buildActionMask = 2147483647;
			files = (
				359B79FC6C6E2E6EF42A9601 /* Pods_Firebase101.framework in Frameworks */,
			);
			runOnlyForDeploymentPostprocessing = 0;
		};
/* End PBXFrameworksBuildPhase section */

/* Begin PBXGroup section */
		6A1E987A2A968ED61CC407B4 /* Frameworks */ = {
			isa = PBXGroup;
			children = (
				922047F3F4FD8DAB14E56EB1 /* Pods_Firebase101.framework */,
			);
			name = Frameworks;
			sourceTree = "<group>";
		};
		8B96B79F26B26F9000AF5A06 = {
			isa = PBXGroup;
			children = (
				8B96B7AA26B26F9000AF5A06 /* Firebase101 */,
				8B96B7A926B26F9000AF5A06 /* Products */,
				A753494B8C387295A5ECB923 /* Pods */,
				6A1E987A2A968ED61CC407B4 /* Frameworks */,
			);
			sourceTree = "<group>";
		};
		8B96B7A926B26F9000AF5A06 /* Products */ = {
			isa = PBXGroup;
			children = (
				8B96B7A826B26F9000AF5A06 /* Firebase101.app */,
			);
			name = Products;
			sourceTree = "<group>";
		};
		8B96B7AA26B26F9000AF5A06 /* Firebase101 */ = {
			isa = PBXGroup;
			children = (
				8B96B7AB26B26F9000AF5A06 /* AppDelegate.swift */,
				8B96B7AD26B26F9000AF5A06 /* SceneDelegate.swift */,
				8B96B7AF26B26F9000AF5A06 /* ViewController.swift */,
				8B96B7B126B26F9000AF5A06 /* Main.storyboard */,
				8B96B7B426B26F9200AF5A06 /* Assets.xcassets */,
				8B96B7B626B26F9200AF5A06 /* LaunchScreen.storyboard */,
				8B96B7B926B26F9200AF5A06 /* Info.plist */,
				8B96B7BF26B270EC00AF5A06 /* GoogleService-Info.plist */,
			);
			path = Firebase101;
			sourceTree = "<group>";
		};
		A753494B8C387295A5ECB923 /* Pods */ = {
			isa = PBXGroup;
			children = (
				A78D1F9061CC13C6A8C7B4ED /* Pods-Firebase101.debug.xcconfig */,
				D69F97A46F4317244E82B626 /* Pods-Firebase101.release.xcconfig */,
			);
			name = Pods;
			path = Pods;
			sourceTree = "<group>";
		};
/* End PBXGroup section */

/* Begin PBXNativeTarget section */
		8B96B7A726B26F9000AF5A06 /* Firebase101 */ = {
			isa = PBXNativeTarget;
			buildConfigurationList = 8B96B7BC26B26F9200AF5A06 /* Build configuration list for PBXNativeTarget "Firebase101" */;
			buildPhases = (
				579A00DB1522F829643F1271 /* [CP] Check Pods Manifest.lock */,
				8B96B7A426B26F9000AF5A06 /* Sources */,
				8B96B7A526B26F9000AF5A06 /* Frameworks */,
				8B96B7A626B26F9000AF5A06 /* Resources */,
				86647C3FB041A9198CF7CFB8 /* [CP] Embed Pods Frameworks */,
			);
			buildRules = (
			);
			dependencies = (
			);
			name = Firebase101;
			productName = Firebase101;
			productReference = 8B96B7A826B26F9000AF5A06 /* Firebase101.app */;
			productType = "com.apple.product-type.application";
		};
/* End PBXNativeTarget section */

/* Begin PBXProject section */
		8B96B7A026B26F9000AF5A06 /* Project object */ = {
			isa = PBXProject;
			attributes = {
				LastSwiftUpdateCheck = 1250;
				LastUpgradeCheck = 1250;
				TargetAttributes = {
					8B96B7A726B26F9000AF5A06 = {
						CreatedOnToolsVersion = 12.5;
					};
				};
			};
			buildConfigurationList = 8B96B7A326B26F9000AF5A06 /* Build configuration list for PBXProject "Firebase101" */;
			compatibilityVersion = "Xcode 9.3";
			developmentRegion = en;
			hasScannedForEncodings = 0;
			knownRegions = (
				en,
				Base,
			);
			mainGroup = 8B96B79F26B26F9000AF5A06;
			productRefGroup = 8B96B7A926B26F9000AF5A06 /* Products */;
			projectDirPath = "";
			projectRoot = "";
			targets = (
				8B96B7A726B26F9000AF5A06 /* Firebase101 */,
			);
		};
/* End PBXProject section */

/* Begin PBXResourcesBuildPhase section */
		8B96B7A626B26F9000AF5A06 /* Resources */ = {
			isa = PBXResourcesBuildPhase;
			buildActionMask = 2147483647;
			files = (
				8B96B7B826B26F9200AF5A06 /* LaunchScreen.storyboard in Resources */,
				8B96B7C026B270EC00AF5A06 /* GoogleService-Info.plist in Resources */,
				8B96B7B526B26F9200AF5A06 /* Assets.xcassets in Resources */,
				8B96B7B326B26F9000AF5A06 /* Main.storyboard in Resources */,
			);
			runOnlyForDeploymentPostprocessing = 0;
		};
/* End PBXResourcesBuildPhase section */

/* Begin PBXShellScriptBuildPhase section */
		579A00DB1522F829643F1271 /* [CP] Check Pods Manifest.lock */ = {
			isa = PBXShellScriptBuildPhase;
			buildActionMask = 2147483647;
			files = (
			);
			inputFileListPaths = (
			);
			inputPaths = (
				"${PODS_PODFILE_DIR_PATH}/Podfile.lock",
				"${PODS_ROOT}/Manifest.lock",
			);
			name = "[CP] Check Pods Manifest.lock";
			outputFileListPaths = (
			);
			outputPaths = (
				"$(DERIVED_FILE_DIR)/Pods-Firebase101-checkManifestLockResult.txt",
			);
			runOnlyForDeploymentPostprocessing = 0;
			shellPath = /bin/sh;
			shellScript = "diff \"${PODS_PODFILE_DIR_PATH}/Podfile.lock\" \"${PODS_ROOT}/Manifest.lock\" > /dev/null\nif [ $? != 0 ] ; then\n    # print error to STDERR\n    echo \"error: The sandbox is not in sync with the Podfile.lock. Run 'pod install' or update your CocoaPods installation.\" >&2\n    exit 1\nfi\n# This output is used by Xcode 'outputs' to avoid re-running this script phase.\necho \"SUCCESS\" > \"${SCRIPT_OUTPUT_FILE_0}\"\n";
			showEnvVarsInLog = 0;
		};
		86647C3FB041A9198CF7CFB8 /* [CP] Embed Pods Frameworks */ = {
			isa = PBXShellScriptBuildPhase;
			buildActionMask = 2147483647;
			files = (
			);
			inputFileListPaths = (
				"${PODS_ROOT}/Target Support Files/Pods-Firebase101/Pods-Firebase101-frameworks-${CONFIGURATION}-input-files.xcfilelist",
			);
			name = "[CP] Embed Pods Frameworks";
			outputFileListPaths = (
				"${PODS_ROOT}/Target Support Files/Pods-Firebase101/Pods-Firebase101-frameworks-${CONFIGURATION}-output-files.xcfilelist",
			);
			runOnlyForDeploymentPostprocessing = 0;
			shellPath = /bin/sh;
			shellScript = "\"${PODS_ROOT}/Target Support Files/Pods-Firebase101/Pods-Firebase101-frameworks.sh\"\n";
			showEnvVarsInLog = 0;
		};
/* End PBXShellScriptBuildPhase section */

/* Begin PBXSourcesBuildPhase section */
		8B96B7A426B26F9000AF5A06 /* Sources */ = {
			isa = PBXSourcesBuildPhase;
			buildActionMask = 2147483647;
			files = (
				8B96B7B026B26F9000AF5A06 /* ViewController.swift in Sources */,
				8B96B7AC26B26F9000AF5A06 /* AppDelegate.swift in Sources */,
				8B96B7AE26B26F9000AF5A06 /* SceneDelegate.swift in Sources */,
			);
			runOnlyForDeploymentPostprocessing = 0;
		};
/* End PBXSourcesBuildPhase section */

/* Begin PBXVariantGroup section */
		8B96B7B126B26F9000AF5A06 /* Main.storyboard */ = {
			isa = PBXVariantGroup;
			children = (
				8B96B7B226B26F9000AF5A06 /* Base */,
			);
			name = Main.storyboard;
			sourceTree = "<group>";
		};
		8B96B7B626B26F9200AF5A06 /* LaunchScreen.storyboard */ = {
			isa = PBXVariantGroup;
			children = (
				8B96B7B726B26F9200AF5A06 /* Base */,
			);
			name = LaunchScreen.storyboard;
			sourceTree = "<group>";
		};
/* End PBXVariantGroup section */

/* Begin XCBuildConfiguration section */
		8B96B7BA26B26F9200AF5A06 /* Debug */ = {
			isa = XCBuildConfiguration;
			buildSettings = {
				ALWAYS_SEARCH_USER_PATHS = NO;
				CLANG_ANALYZER_NONNULL = YES;
				CLANG_ANALYZER_NUMBER_OBJECT_CONVERSION = YES_AGGRESSIVE;
				CLANG_CXX_LANGUAGE_STANDARD = "gnu++14";
				CLANG_CXX_LIBRARY = "libc++";
				CLANG_ENABLE_MODULES = YES;
				CLANG_ENABLE_OBJC_ARC = YES;
				CLANG_ENABLE_OBJC_WEAK = YES;
				CLANG_WARN_BLOCK_CAPTURE_AUTORELEASING = YES;
				CLANG_WARN_BOOL_CONVERSION = YES;
				CLANG_WARN_COMMA = YES;
				CLANG_WARN_CONSTANT_CONVERSION = YES;
				CLANG_WARN_DEPRECATED_OBJC_IMPLEMENTATIONS = YES;
				CLANG_WARN_DIRECT_OBJC_ISA_USAGE = YES_ERROR;
				CLANG_WARN_DOCUMENTATION_COMMENTS = YES;
				CLANG_WARN_EMPTY_BODY = YES;
				CLANG_WARN_ENUM_CONVERSION = YES;
				CLANG_WARN_INFINITE_RECURSION = YES;
				CLANG_WARN_INT_CONVERSION = YES;
				CLANG_WARN_NON_LITERAL_NULL_CONVERSION = YES;
				CLANG_WARN_OBJC_IMPLICIT_RETAIN_SELF = YES;
				CLANG_WARN_OBJC_LITERAL_CONVERSION = YES;
				CLANG_WARN_OBJC_ROOT_CLASS = YES_ERROR;
				CLANG_WARN_QUOTED_INCLUDE_IN_FRAMEWORK_HEADER = YES;
				CLANG_WARN_RANGE_LOOP_ANALYSIS = YES;
				CLANG_WARN_STRICT_PROTOTYPES = YES;
				CLANG_WARN_SUSPICIOUS_MOVE = YES;
				CLANG_WARN_UNGUARDED_AVAILABILITY = YES_AGGRESSIVE;
				CLANG_WARN_UNREACHABLE_CODE = YES;
				CLANG_WARN__DUPLICATE_METHOD_MATCH = YES;
				COPY_PHASE_STRIP = NO;
				DEBUG_INFORMATION_FORMAT = dwarf;
				ENABLE_STRICT_OBJC_MSGSEND = YES;
				ENABLE_TESTABILITY = YES;
				GCC_C_LANGUAGE_STANDARD = gnu11;
				GCC_DYNAMIC_NO_PIC = NO;
				GCC_NO_COMMON_BLOCKS = YES;
				GCC_OPTIMIZATION_LEVEL = 0;
				GCC_PREPROCESSOR_DEFINITIONS = (
					"DEBUG=1",
					"$(inherited)",
				);
				GCC_WARN_64_TO_32_BIT_CONVERSION = YES;
				GCC_WARN_ABOUT_RETURN_TYPE = YES_ERROR;
				GCC_WARN_UNDECLARED_SELECTOR = YES;
				GCC_WARN_UNINITIALIZED_AUTOS = YES_AGGRESSIVE;
				GCC_WARN_UNUSED_FUNCTION = YES;
				GCC_WARN_UNUSED_VARIABLE = YES;
				IPHONEOS_DEPLOYMENT_TARGET = 14.5;
				MTL_ENABLE_DEBUG_INFO = INCLUDE_SOURCE;
				MTL_FAST_MATH = YES;
				ONLY_ACTIVE_ARCH = YES;
				SDKROOT = iphoneos;
				SWIFT_ACTIVE_COMPILATION_CONDITIONS = DEBUG;
				SWIFT_OPTIMIZATION_LEVEL = "-Onone";
			};
			name = Debug;
		};
		8B96B7BB26B26F9200AF5A06 /* Release */ = {
			isa = XCBuildConfiguration;
			buildSettings = {
				ALWAYS_SEARCH_USER_PATHS = NO;
				CLANG_ANALYZER_NONNULL = YES;
				CLANG_ANALYZER_NUMBER_OBJECT_CONVERSION = YES_AGGRESSIVE;
				CLANG_CXX_LANGUAGE_STANDARD = "gnu++14";
				CLANG_CXX_LIBRARY = "libc++";
				CLANG_ENABLE_MODULES = YES;
				CLANG_ENABLE_OBJC_ARC = YES;
				CLANG_ENABLE_OBJC_WEAK = YES;
				CLANG_WARN_BLOCK_CAPTURE_AUTORELEASING = YES;
				CLANG_WARN_BOOL_CONVERSION = YES;
				CLANG_WARN_COMMA = YES;
				CLANG_WARN_CONSTANT_CONVERSION = YES;
				CLANG_WARN_DEPRECATED_OBJC_IMPLEMENTATIONS = YES;
				CLANG_WARN_DIRECT_OBJC_ISA_USAGE = YES_ERROR;
				CLANG_WARN_DOCUMENTATION_COMMENTS = YES;
				CLANG_WARN_EMPTY_BODY = YES;
				CLANG_WARN_ENUM_CONVERSION = YES;
				CLANG_WARN_INFINITE_RECURSION = YES;
				CLANG_WARN_INT_CONVERSION = YES;
				CLANG_WARN_NON_LITERAL_NULL_CONVERSION = YES;
				CLANG_WARN_OBJC_IMPLICIT_RETAIN_SELF = YES;
				CLANG_WARN_OBJC_LITERAL_CONVERSION = YES;
				CLANG_WARN_OBJC_ROOT_CLASS = YES_ERROR;
				CLANG_WARN_QUOTED_INCLUDE_IN_FRAMEWORK_HEADER = YES;
				CLANG_WARN_RANGE_LOOP_ANALYSIS = YES;
				CLANG_WARN_STRICT_PROTOTYPES = YES;
				CLANG_WARN_SUSPICIOUS_MOVE = YES;
				CLANG_WARN_UNGUARDED_AVAILABILITY = YES_AGGRESSIVE;
				CLANG_WARN_UNREACHABLE_CODE = YES;
				CLANG_WARN__DUPLICATE_METHOD_MATCH = YES;
				COPY_PHASE_STRIP = NO;
				DEBUG_INFORMATION_FORMAT = "dwarf-with-dsym";
				ENABLE_NS_ASSERTIONS = NO;
				ENABLE_STRICT_OBJC_MSGSEND = YES;
				GCC_C_LANGUAGE_STANDARD = gnu11;
				GCC_NO_COMMON_BLOCKS = YES;
				GCC_WARN_64_TO_32_BIT_CONVERSION = YES;
				GCC_WARN_ABOUT_RETURN_TYPE = YES_ERROR;
				GCC_WARN_UNDECLARED_SELECTOR = YES;
				GCC_WARN_UNINITIALIZED_AUTOS = YES_AGGRESSIVE;
				GCC_WARN_UNUSED_FUNCTION = YES;
				GCC_WARN_UNUSED_VARIABLE = YES;
				IPHONEOS_DEPLOYMENT_TARGET = 14.5;
				MTL_ENABLE_DEBUG_INFO = NO;
				MTL_FAST_MATH = YES;
				SDKROOT = iphoneos;
				SWIFT_COMPILATION_MODE = wholemodule;
				SWIFT_OPTIMIZATION_LEVEL = "-O";
				VALIDATE_PRODUCT = YES;
			};
			name = Release;
		};
		8B96B7BD26B26F9200AF5A06 /* Debug */ = {
			isa = XCBuildConfiguration;
			baseConfigurationReference = A78D1F9061CC13C6A8C7B4ED /* Pods-Firebase101.debug.xcconfig */;
			buildSettings = {
				ASSETCATALOG_COMPILER_APPICON_NAME = AppIcon;
				ASSETCATALOG_COMPILER_GLOBAL_ACCENT_COLOR_NAME = AccentColor;
				CODE_SIGN_STYLE = Automatic;
				DEVELOPMENT_TEAM = YRWXQ78FKR;
				INFOPLIST_FILE = Firebase101/Info.plist;
				LD_RUNPATH_SEARCH_PATHS = (
					"$(inherited)",
					"@executable_path/Frameworks",
				);
				PRODUCT_BUNDLE_IDENTIFIER = com.JuseobJang.Firebase101;
				PRODUCT_NAME = "$(TARGET_NAME)";
				SWIFT_VERSION = 5.0;
				TARGETED_DEVICE_FAMILY = "1,2";
			};
			name = Debug;
		};
		8B96B7BE26B26F9200AF5A06 /* Release */ = {
			isa = XCBuildConfiguration;
			baseConfigurationReference = D69F97A46F4317244E82B626 /* Pods-Firebase101.release.xcconfig */;
			buildSettings = {
				ASSETCATALOG_COMPILER_APPICON_NAME = AppIcon;
				ASSETCATALOG_COMPILER_GLOBAL_ACCENT_COLOR_NAME = AccentColor;
				CODE_SIGN_STYLE = Automatic;
				DEVELOPMENT_TEAM = YRWXQ78FKR;
				INFOPLIST_FILE = Firebase101/Info.plist;
				LD_RUNPATH_SEARCH_PATHS = (
					"$(inherited)",
					"@executable_path/Frameworks",
				);
				PRODUCT_BUNDLE_IDENTIFIER = com.JuseobJang.Firebase101;
				PRODUCT_NAME = "$(TARGET_NAME)";
				SWIFT_VERSION = 5.0;
				TARGETED_DEVICE_FAMILY = "1,2";
			};
			name = Release;
		};
/* End XCBuildConfiguration section */

/* Begin XCConfigurationList section */
		8B96B7A326B26F9000AF5A06 /* Build configuration list for PBXProject "Firebase101" */ = {
			isa = XCConfigurationList;
			buildConfigurations = (
				8B96B7BA26B26F9200AF5A06 /* Debug */,
				8B96B7BB26B26F9200AF5A06 /* Release */,
			);
			defaultConfigurationIsVisible = 0;
			defaultConfigurationName = Release;
		};
		8B96B7BC26B26F9200AF5A06 /* Build configuration list for PBXNativeTarget "Firebase101" */ = {
			isa = XCConfigurationList;
			buildConfigurations = (
				8B96B7BD26B26F9200AF5A06 /* Debug */,
				8B96B7BE26B26F9200AF5A06 /* Release */,
			);
			defaultConfigurationIsVisible = 0;
			defaultConfigurationName = Release;
		};
/* End XCConfigurationList section */
	};
	rootObject = 8B96B7A026B26F9000AF5A06 /* Project object */;
}
