// !$*UTF8*$!
{
	archiveVersion = 1;
	classes = {
	};
	objectVersion = 55;
	objects = {

/* Begin PBXBuildFile section */
		6F97BC5FFD834AD75EC7CF38 /* Pods_WarningApp.framework in Frameworks */ = {isa = PBXBuildFile; fileRef = 9E20588B66055C95FACDBE98 /* Pods_WarningApp.framework */; };
		8B06B3F5270EA32C001213F0 /* AppDelegate.swift in Sources */ = {isa = PBXBuildFile; fileRef = 8B06B3F4270EA32C001213F0 /* AppDelegate.swift */; };
		8B06B3F7270EA32C001213F0 /* SceneDelegate.swift in Sources */ = {isa = PBXBuildFile; fileRef = 8B06B3F6270EA32C001213F0 /* SceneDelegate.swift */; };
		8B06B3F9270EA32C001213F0 /* ViewController.swift in Sources */ = {isa = PBXBuildFile; fileRef = 8B06B3F8270EA32C001213F0 /* ViewController.swift */; };
		8B06B3FC270EA32C001213F0 /* Main.storyboard in Resources */ = {isa = PBXBuildFile; fileRef = 8B06B3FA270EA32C001213F0 /* Main.storyboard */; };
		8B06B3FE270EA32F001213F0 /* Assets.xcassets in Resources */ = {isa = PBXBuildFile; fileRef = 8B06B3FD270EA32F001213F0 /* Assets.xcassets */; };
		8B06B401270EA32F001213F0 /* LaunchScreen.storyboard in Resources */ = {isa = PBXBuildFile; fileRef = 8B06B3FF270EA32F001213F0 /* LaunchScreen.storyboard */; };
		8B06B409270EA4AC001213F0 /* GoogleService-Info.plist in Resources */ = {isa = PBXBuildFile; fileRef = 8B06B408270EA4AC001213F0 /* GoogleService-Info.plist */; };
/* End PBXBuildFile section */

/* Begin PBXFileReference section */
		6AEF5E986497E3BD97C3234F /* Pods-WarningApp.release.xcconfig */ = {isa = PBXFileReference; includeInIndex = 1; lastKnownFileType = text.xcconfig; name = "Pods-WarningApp.release.xcconfig"; path = "Target Support Files/Pods-WarningApp/Pods-WarningApp.release.xcconfig"; sourceTree = "<group>"; };
		8B06B3F1270EA32C001213F0 /* WarningApp.app */ = {isa = PBXFileReference; explicitFileType = wrapper.application; includeInIndex = 0; path = WarningApp.app; sourceTree = BUILT_PRODUCTS_DIR; };
		8B06B3F4270EA32C001213F0 /* AppDelegate.swift */ = {isa = PBXFileReference; lastKnownFileType = sourcecode.swift; path = AppDelegate.swift; sourceTree = "<group>"; };
		8B06B3F6270EA32C001213F0 /* SceneDelegate.swift */ = {isa = PBXFileReference; lastKnownFileType = sourcecode.swift; path = SceneDelegate.swift; sourceTree = "<group>"; };
		8B06B3F8270EA32C001213F0 /* ViewController.swift */ = {isa = PBXFileReference; lastKnownFileType = sourcecode.swift; path = ViewController.swift; sourceTree = "<group>"; };
		8B06B3FB270EA32C001213F0 /* Base */ = {isa = PBXFileReference; lastKnownFileType = file.storyboard; name = Base; path = Base.lproj/Main.storyboard; sourceTree = "<group>"; };
		8B06B3FD270EA32F001213F0 /* Assets.xcassets */ = {isa = PBXFileReference; lastKnownFileType = folder.assetcatalog; path = Assets.xcassets; sourceTree = "<group>"; };
		8B06B400270EA32F001213F0 /* Base */ = {isa = PBXFileReference; lastKnownFileType = file.storyboard; name = Base; path = Base.lproj/LaunchScreen.storyboard; sourceTree = "<group>"; };
		8B06B402270EA32F001213F0 /* Info.plist */ = {isa = PBXFileReference; lastKnownFileType = text.plist.xml; path = Info.plist; sourceTree = "<group>"; };
		8B06B408270EA4AC001213F0 /* GoogleService-Info.plist */ = {isa = PBXFileReference; fileEncoding = 4; lastKnownFileType = text.plist.xml; path = "GoogleService-Info.plist"; sourceTree = "<group>"; };
		9E20588B66055C95FACDBE98 /* Pods_WarningApp.framework */ = {isa = PBXFileReference; explicitFileType = wrapper.framework; includeInIndex = 0; path = Pods_WarningApp.framework; sourceTree = BUILT_PRODUCTS_DIR; };
		D26E06B3F62B290941A8DE42 /* Pods-WarningApp.debug.xcconfig */ = {isa = PBXFileReference; includeInIndex = 1; lastKnownFileType = text.xcconfig; name = "Pods-WarningApp.debug.xcconfig"; path = "Target Support Files/Pods-WarningApp/Pods-WarningApp.debug.xcconfig"; sourceTree = "<group>"; };
/* End PBXFileReference section */

/* Begin PBXFrameworksBuildPhase section */
		8B06B3EE270EA32C001213F0 /* Frameworks */ = {
			isa = PBXFrameworksBuildPhase;
			buildActionMask = 2147483647;
			files = (
				6F97BC5FFD834AD75EC7CF38 /* Pods_WarningApp.framework in Frameworks */,
			);
			runOnlyForDeploymentPostprocessing = 0;
		};
/* End PBXFrameworksBuildPhase section */

/* Begin PBXGroup section */
		1380670F056A5FBEB20C945F /* Pods */ = {
			isa = PBXGroup;
			children = (
				D26E06B3F62B290941A8DE42 /* Pods-WarningApp.debug.xcconfig */,
				6AEF5E986497E3BD97C3234F /* Pods-WarningApp.release.xcconfig */,
			);
			path = Pods;
			sourceTree = "<group>";
		};
		4C012C60DCACE739B54FCB06 /* Frameworks */ = {
			isa = PBXGroup;
			children = (
				9E20588B66055C95FACDBE98 /* Pods_WarningApp.framework */,
			);
			name = Frameworks;
			sourceTree = "<group>";
		};
		8B06B3E8270EA32C001213F0 = {
			isa = PBXGroup;
			children = (
				8B06B3F3270EA32C001213F0 /* WarningApp */,
				8B06B3F2270EA32C001213F0 /* Products */,
				1380670F056A5FBEB20C945F /* Pods */,
				4C012C60DCACE739B54FCB06 /* Frameworks */,
			);
			sourceTree = "<group>";
		};
		8B06B3F2270EA32C001213F0 /* Products */ = {
			isa = PBXGroup;
			children = (
				8B06B3F1270EA32C001213F0 /* WarningApp.app */,
			);
			name = Products;
			sourceTree = "<group>";
		};
		8B06B3F3270EA32C001213F0 /* WarningApp */ = {
			isa = PBXGroup;
			children = (
				8B06B3F4270EA32C001213F0 /* AppDelegate.swift */,
				8B06B3F6270EA32C001213F0 /* SceneDelegate.swift */,
				8B06B3F8270EA32C001213F0 /* ViewController.swift */,
				8B06B3FA270EA32C001213F0 /* Main.storyboard */,
				8B06B3FD270EA32F001213F0 /* Assets.xcassets */,
				8B06B3FF270EA32F001213F0 /* LaunchScreen.storyboard */,
				8B06B402270EA32F001213F0 /* Info.plist */,
				8B06B408270EA4AC001213F0 /* GoogleService-Info.plist */,
			);
			path = WarningApp;
			sourceTree = "<group>";
		};
/* End PBXGroup section */

/* Begin PBXNativeTarget section */
		8B06B3F0270EA32C001213F0 /* WarningApp */ = {
			isa = PBXNativeTarget;
			buildConfigurationList = 8B06B405270EA32F001213F0 /* Build configuration list for PBXNativeTarget "WarningApp" */;
			buildPhases = (
				B9AB9C4B63EA414329099E53 /* [CP] Check Pods Manifest.lock */,
				8B06B3ED270EA32C001213F0 /* Sources */,
				8B06B3EE270EA32C001213F0 /* Frameworks */,
				8B06B3EF270EA32C001213F0 /* Resources */,
				0A16B9E1D5677784BA4E24AA /* [CP] Embed Pods Frameworks */,
			);
			buildRules = (
			);
			dependencies = (
			);
			name = WarningApp;
			productName = WarningApp;
			productReference = 8B06B3F1270EA32C001213F0 /* WarningApp.app */;
			productType = "com.apple.product-type.application";
		};
/* End PBXNativeTarget section */

/* Begin PBXProject section */
		8B06B3E9270EA32C001213F0 /* Project object */ = {
			isa = PBXProject;
			attributes = {
				BuildIndependentTargetsInParallel = 1;
				LastSwiftUpdateCheck = 1300;
				LastUpgradeCheck = 1300;
				TargetAttributes = {
					8B06B3F0270EA32C001213F0 = {
						CreatedOnToolsVersion = 13.0;
					};
				};
			};
			buildConfigurationList = 8B06B3EC270EA32C001213F0 /* Build configuration list for PBXProject "WarningApp" */;
			compatibilityVersion = "Xcode 13.0";
			developmentRegion = en;
			hasScannedForEncodings = 0;
			knownRegions = (
				en,
				Base,
			);
			mainGroup = 8B06B3E8270EA32C001213F0;
			productRefGroup = 8B06B3F2270EA32C001213F0 /* Products */;
			projectDirPath = "";
			projectRoot = "";
			targets = (
				8B06B3F0270EA32C001213F0 /* WarningApp */,
			);
		};
/* End PBXProject section */

/* Begin PBXResourcesBuildPhase section */
		8B06B3EF270EA32C001213F0 /* Resources */ = {
			isa = PBXResourcesBuildPhase;
			buildActionMask = 2147483647;
			files = (
				8B06B401270EA32F001213F0 /* LaunchScreen.storyboard in Resources */,
				8B06B409270EA4AC001213F0 /* GoogleService-Info.plist in Resources */,
				8B06B3FE270EA32F001213F0 /* Assets.xcassets in Resources */,
				8B06B3FC270EA32C001213F0 /* Main.storyboard in Resources */,
			);
			runOnlyForDeploymentPostprocessing = 0;
		};
/* End PBXResourcesBuildPhase section */

/* Begin PBXShellScriptBuildPhase section */
		0A16B9E1D5677784BA4E24AA /* [CP] Embed Pods Frameworks */ = {
			isa = PBXShellScriptBuildPhase;
			buildActionMask = 2147483647;
			files = (
			);
			inputFileListPaths = (
				"${PODS_ROOT}/Target Support Files/Pods-WarningApp/Pods-WarningApp-frameworks-${CONFIGURATION}-input-files.xcfilelist",
			);
			name = "[CP] Embed Pods Frameworks";
			outputFileListPaths = (
				"${PODS_ROOT}/Target Support Files/Pods-WarningApp/Pods-WarningApp-frameworks-${CONFIGURATION}-output-files.xcfilelist",
			);
			runOnlyForDeploymentPostprocessing = 0;
			shellPath = /bin/sh;
			shellScript = "\"${PODS_ROOT}/Target Support Files/Pods-WarningApp/Pods-WarningApp-frameworks.sh\"\n";
			showEnvVarsInLog = 0;
		};
		B9AB9C4B63EA414329099E53 /* [CP] Check Pods Manifest.lock */ = {
			isa = PBXShellScriptBuildPhase;
			buildActionMask = 2147483647;
			files = (
			);
			inputFileListPaths = (
			);
			inputPaths = (
				"${PODS_PODFILE_DIR_PATH}/Podfile.lock",
				"${PODS_ROOT}/Manifest.lock",
			);
			name = "[CP] Check Pods Manifest.lock";
			outputFileListPaths = (
			);
			outputPaths = (
				"$(DERIVED_FILE_DIR)/Pods-WarningApp-checkManifestLockResult.txt",
			);
			runOnlyForDeploymentPostprocessing = 0;
			shellPath = /bin/sh;
			shellScript = "diff \"${PODS_PODFILE_DIR_PATH}/Podfile.lock\" \"${PODS_ROOT}/Manifest.lock\" > /dev/null\nif [ $? != 0 ] ; then\n    # print error to STDERR\n    echo \"error: The sandbox is not in sync with the Podfile.lock. Run 'pod install' or update your CocoaPods installation.\" >&2\n    exit 1\nfi\n# This output is used by Xcode 'outputs' to avoid re-running this script phase.\necho \"SUCCESS\" > \"${SCRIPT_OUTPUT_FILE_0}\"\n";
			showEnvVarsInLog = 0;
		};
/* End PBXShellScriptBuildPhase section */

/* Begin PBXSourcesBuildPhase section */
		8B06B3ED270EA32C001213F0 /* Sources */ = {
			isa = PBXSourcesBuildPhase;
			buildActionMask = 2147483647;
			files = (
				8B06B3F9270EA32C001213F0 /* ViewController.swift in Sources */,
				8B06B3F5270EA32C001213F0 /* AppDelegate.swift in Sources */,
				8B06B3F7270EA32C001213F0 /* SceneDelegate.swift in Sources */,
			);
			runOnlyForDeploymentPostprocessing = 0;
		};
/* End PBXSourcesBuildPhase section */

/* Begin PBXVariantGroup section */
		8B06B3FA270EA32C001213F0 /* Main.storyboard */ = {
			isa = PBXVariantGroup;
			children = (
				8B06B3FB270EA32C001213F0 /* Base */,
			);
			name = Main.storyboard;
			sourceTree = "<group>";
		};
		8B06B3FF270EA32F001213F0 /* LaunchScreen.storyboard */ = {
			isa = PBXVariantGroup;
			children = (
				8B06B400270EA32F001213F0 /* Base */,
			);
			name = LaunchScreen.storyboard;
			sourceTree = "<group>";
		};
/* End PBXVariantGroup section */

/* Begin XCBuildConfiguration section */
		8B06B403270EA32F001213F0 /* Debug */ = {
			isa = XCBuildConfiguration;
			buildSettings = {
				ALWAYS_SEARCH_USER_PATHS = NO;
				CLANG_ANALYZER_NONNULL = YES;
				CLANG_ANALYZER_NUMBER_OBJECT_CONVERSION = YES_AGGRESSIVE;
				CLANG_CXX_LANGUAGE_STANDARD = "gnu++17";
				CLANG_CXX_LIBRARY = "libc++";
				CLANG_ENABLE_MODULES = YES;
				CLANG_ENABLE_OBJC_ARC = YES;
				CLANG_ENABLE_OBJC_WEAK = YES;
				CLANG_WARN_BLOCK_CAPTURE_AUTORELEASING = YES;
				CLANG_WARN_BOOL_CONVERSION = YES;
				CLANG_WARN_COMMA = YES;
				CLANG_WARN_CONSTANT_CONVERSION = YES;
				CLANG_WARN_DEPRECATED_OBJC_IMPLEMENTATIONS = YES;
				CLANG_WARN_DIRECT_OBJC_ISA_USAGE = YES_ERROR;
				CLANG_WARN_DOCUMENTATION_COMMENTS = YES;
				CLANG_WARN_EMPTY_BODY = YES;
				CLANG_WARN_ENUM_CONVERSION = YES;
				CLANG_WARN_INFINITE_RECURSION = YES;
				CLANG_WARN_INT_CONVERSION = YES;
				CLANG_WARN_NON_LITERAL_NULL_CONVERSION = YES;
				CLANG_WARN_OBJC_IMPLICIT_RETAIN_SELF = YES;
				CLANG_WARN_OBJC_LITERAL_CONVERSION = YES;
				CLANG_WARN_OBJC_ROOT_CLASS = YES_ERROR;
				CLANG_WARN_QUOTED_INCLUDE_IN_FRAMEWORK_HEADER = YES;
				CLANG_WARN_RANGE_LOOP_ANALYSIS = YES;
				CLANG_WARN_STRICT_PROTOTYPES = YES;
				CLANG_WARN_SUSPICIOUS_MOVE = YES;
				CLANG_WARN_UNGUARDED_AVAILABILITY = YES_AGGRESSIVE;
				CLANG_WARN_UNREACHABLE_CODE = YES;
				CLANG_WARN__DUPLICATE_METHOD_MATCH = YES;
				COPY_PHASE_STRIP = NO;
				DEBUG_INFORMATION_FORMAT = dwarf;
				ENABLE_STRICT_OBJC_MSGSEND = YES;
				ENABLE_TESTABILITY = YES;
				GCC_C_LANGUAGE_STANDARD = gnu11;
				GCC_DYNAMIC_NO_PIC = NO;
				GCC_NO_COMMON_BLOCKS = YES;
				GCC_OPTIMIZATION_LEVEL = 0;
				GCC_PREPROCESSOR_DEFINITIONS = (
					"DEBUG=1",
					"$(inherited)",
				);
				GCC_WARN_64_TO_32_BIT_CONVERSION = YES;
				GCC_WARN_ABOUT_RETURN_TYPE = YES_ERROR;
				GCC_WARN_UNDECLARED_SELECTOR = YES;
				GCC_WARN_UNINITIALIZED_AUTOS = YES_AGGRESSIVE;
				GCC_WARN_UNUSED_FUNCTION = YES;
				GCC_WARN_UNUSED_VARIABLE = YES;
				IPHONEOS_DEPLOYMENT_TARGET = 15.0;
				MTL_ENABLE_DEBUG_INFO = INCLUDE_SOURCE;
				MTL_FAST_MATH = YES;
				ONLY_ACTIVE_ARCH = YES;
				SDKROOT = iphoneos;
				SWIFT_ACTIVE_COMPILATION_CONDITIONS = DEBUG;
				SWIFT_OPTIMIZATION_LEVEL = "-Onone";
			};
			name = Debug;
		};
		8B06B404270EA32F001213F0 /* Release */ = {
			isa = XCBuildConfiguration;
			buildSettings = {
				ALWAYS_SEARCH_USER_PATHS = NO;
				CLANG_ANALYZER_NONNULL = YES;
				CLANG_ANALYZER_NUMBER_OBJECT_CONVERSION = YES_AGGRESSIVE;
				CLANG_CXX_LANGUAGE_STANDARD = "gnu++17";
				CLANG_CXX_LIBRARY = "libc++";
				CLANG_ENABLE_MODULES = YES;
				CLANG_ENABLE_OBJC_ARC = YES;
				CLANG_ENABLE_OBJC_WEAK = YES;
				CLANG_WARN_BLOCK_CAPTURE_AUTORELEASING = YES;
				CLANG_WARN_BOOL_CONVERSION = YES;
				CLANG_WARN_COMMA = YES;
				CLANG_WARN_CONSTANT_CONVERSION = YES;
				CLANG_WARN_DEPRECATED_OBJC_IMPLEMENTATIONS = YES;
				CLANG_WARN_DIRECT_OBJC_ISA_USAGE = YES_ERROR;
				CLANG_WARN_DOCUMENTATION_COMMENTS = YES;
				CLANG_WARN_EMPTY_BODY = YES;
				CLANG_WARN_ENUM_CONVERSION = YES;
				CLANG_WARN_INFINITE_RECURSION = YES;
				CLANG_WARN_INT_CONVERSION = YES;
				CLANG_WARN_NON_LITERAL_NULL_CONVERSION = YES;
				CLANG_WARN_OBJC_IMPLICIT_RETAIN_SELF = YES;
				CLANG_WARN_OBJC_LITERAL_CONVERSION = YES;
				CLANG_WARN_OBJC_ROOT_CLASS = YES_ERROR;
				CLANG_WARN_QUOTED_INCLUDE_IN_FRAMEWORK_HEADER = YES;
				CLANG_WARN_RANGE_LOOP_ANALYSIS = YES;
				CLANG_WARN_STRICT_PROTOTYPES = YES;
				CLANG_WARN_SUSPICIOUS_MOVE = YES;
				CLANG_WARN_UNGUARDED_AVAILABILITY = YES_AGGRESSIVE;
				CLANG_WARN_UNREACHABLE_CODE = YES;
				CLANG_WARN__DUPLICATE_METHOD_MATCH = YES;
				COPY_PHASE_STRIP = NO;
				DEBUG_INFORMATION_FORMAT = "dwarf-with-dsym";
				ENABLE_NS_ASSERTIONS = NO;
				ENABLE_STRICT_OBJC_MSGSEND = YES;
				GCC_C_LANGUAGE_STANDARD = gnu11;
				GCC_NO_COMMON_BLOCKS = YES;
				GCC_WARN_64_TO_32_BIT_CONVERSION = YES;
				GCC_WARN_ABOUT_RETURN_TYPE = YES_ERROR;
				GCC_WARN_UNDECLARED_SELECTOR = YES;
				GCC_WARN_UNINITIALIZED_AUTOS = YES_AGGRESSIVE;
				GCC_WARN_UNUSED_FUNCTION = YES;
				GCC_WARN_UNUSED_VARIABLE = YES;
				IPHONEOS_DEPLOYMENT_TARGET = 15.0;
				MTL_ENABLE_DEBUG_INFO = NO;
				MTL_FAST_MATH = YES;
				SDKROOT = iphoneos;
				SWIFT_COMPILATION_MODE = wholemodule;
				SWIFT_OPTIMIZATION_LEVEL = "-O";
				VALIDATE_PRODUCT = YES;
			};
			name = Release;
		};
		8B06B406270EA32F001213F0 /* Debug */ = {
			isa = XCBuildConfiguration;
			baseConfigurationReference = D26E06B3F62B290941A8DE42 /* Pods-WarningApp.debug.xcconfig */;
			buildSettings = {
				ASSETCATALOG_COMPILER_APPICON_NAME = AppIcon;
				ASSETCATALOG_COMPILER_GLOBAL_ACCENT_COLOR_NAME = AccentColor;
				CODE_SIGN_STYLE = Automatic;
				CURRENT_PROJECT_VERSION = 1;
				DEVELOPMENT_TEAM = YRWXQ78FKR;
				GENERATE_INFOPLIST_FILE = YES;
				INFOPLIST_FILE = WarningApp/Info.plist;
				INFOPLIST_KEY_UIApplicationSupportsIndirectInputEvents = YES;
				INFOPLIST_KEY_UILaunchStoryboardName = LaunchScreen;
				INFOPLIST_KEY_UIMainStoryboardFile = Main;
				INFOPLIST_KEY_UISupportedInterfaceOrientations_iPad = "UIInterfaceOrientationPortrait UIInterfaceOrientationPortraitUpsideDown UIInterfaceOrientationLandscapeLeft UIInterfaceOrientationLandscapeRight";
				INFOPLIST_KEY_UISupportedInterfaceOrientations_iPhone = "UIInterfaceOrientationPortrait UIInterfaceOrientationLandscapeLeft UIInterfaceOrientationLandscapeRight";
				LD_RUNPATH_SEARCH_PATHS = (
					"$(inherited)",
					"@executable_path/Frameworks",
				);
				MARKETING_VERSION = 1.0;
				PRODUCT_BUNDLE_IDENTIFIER = com.JuseobJang.WarningApp;
				PRODUCT_NAME = "$(TARGET_NAME)";
				SWIFT_EMIT_LOC_STRINGS = YES;
				SWIFT_VERSION = 5.0;
				TARGETED_DEVICE_FAMILY = "1,2";
			};
			name = Debug;
		};
		8B06B407270EA32F001213F0 /* Release */ = {
			isa = XCBuildConfiguration;
			baseConfigurationReference = 6AEF5E986497E3BD97C3234F /* Pods-WarningApp.release.xcconfig */;
			buildSettings = {
				ASSETCATALOG_COMPILER_APPICON_NAME = AppIcon;
				ASSETCATALOG_COMPILER_GLOBAL_ACCENT_COLOR_NAME = AccentColor;
				CODE_SIGN_STYLE = Automatic;
				CURRENT_PROJECT_VERSION = 1;
				DEVELOPMENT_TEAM = YRWXQ78FKR;
				GENERATE_INFOPLIST_FILE = YES;
				INFOPLIST_FILE = WarningApp/Info.plist;
				INFOPLIST_KEY_UIApplicationSupportsIndirectInputEvents = YES;
				INFOPLIST_KEY_UILaunchStoryboardName = LaunchScreen;
				INFOPLIST_KEY_UIMainStoryboardFile = Main;
				INFOPLIST_KEY_UISupportedInterfaceOrientations_iPad = "UIInterfaceOrientationPortrait UIInterfaceOrientationPortraitUpsideDown UIInterfaceOrientationLandscapeLeft UIInterfaceOrientationLandscapeRight";
				INFOPLIST_KEY_UISupportedInterfaceOrientations_iPhone = "UIInterfaceOrientationPortrait UIInterfaceOrientationLandscapeLeft UIInterfaceOrientationLandscapeRight";
				LD_RUNPATH_SEARCH_PATHS = (
					"$(inherited)",
					"@executable_path/Frameworks",
				);
				MARKETING_VERSION = 1.0;
				PRODUCT_BUNDLE_IDENTIFIER = com.JuseobJang.WarningApp;
				PRODUCT_NAME = "$(TARGET_NAME)";
				SWIFT_EMIT_LOC_STRINGS = YES;
				SWIFT_VERSION = 5.0;
				TARGETED_DEVICE_FAMILY = "1,2";
			};
			name = Release;
		};
/* End XCBuildConfiguration section */

/* Begin XCConfigurationList section */
		8B06B3EC270EA32C001213F0 /* Build configuration list for PBXProject "WarningApp" */ = {
			isa = XCConfigurationList;
			buildConfigurations = (
				8B06B403270EA32F001213F0 /* Debug */,
				8B06B404270EA32F001213F0 /* Release */,
			);
			defaultConfigurationIsVisible = 0;
			defaultConfigurationName = Release;
		};
		8B06B405270EA32F001213F0 /* Build configuration list for PBXNativeTarget "WarningApp" */ = {
			isa = XCConfigurationList;
			buildConfigurations = (
				8B06B406270EA32F001213F0 /* Debug */,
				8B06B407270EA32F001213F0 /* Release */,
			);
			defaultConfigurationIsVisible = 0;
			defaultConfigurationName = Release;
		};
/* End XCConfigurationList section */
	};
	rootObject = 8B06B3E9270EA32C001213F0 /* Project object */;
}
